{
  "version": 4,
  "terraform_version": "0.13.2",
  "serial": 19,
  "lineage": "d778f74f-68cb-61e9-e31c-926a7c87b470",
  "outputs": {},
  "resources": [
    {
      "mode": "managed",
      "type": "azurerm_app_service",
      "name": "dockerduplo",
      "provider": "provider[\"registry.terraform.io/hashicorp/azurerm\"]",
      "instances": [
        {
          "schema_version": 0,
          "attributes": {
            "app_service_plan_id": "/subscriptions/29474c73-cd93-48f0-80ee-9577a54e2227/resourceGroups/duploservices-azdemo1/providers/Microsoft.Web/serverfarms/checkfileshare",
            "app_settings": {},
            "auth_settings": [
              {
                "active_directory": [],
                "additional_login_params": {},
                "allowed_external_redirect_urls": [],
                "default_provider": "",
                "enabled": false,
                "facebook": [],
                "google": [],
                "issuer": "",
                "microsoft": [],
                "runtime_version": "",
                "token_refresh_extension_hours": 0,
                "token_store_enabled": false,
                "twitter": [],
                "unauthenticated_client_action": ""
              }
            ],
            "backup": [],
            "client_affinity_enabled": true,
            "client_cert_enabled": false,
            "connection_string": [],
            "default_site_hostname": "dockerduplo.azurewebsites.net",
            "enabled": true,
            "https_only": false,
            "id": "/subscriptions/29474c73-cd93-48f0-80ee-9577a54e2227/resourceGroups/duploservices-azdemo1/providers/Microsoft.Web/sites/dockerduplo",
            "identity": [
              {
                "identity_ids": [
                  "/subscriptions/29474c73-cd93-48f0-80ee-9577a54e2227/resourcegroups/duploservices-azdemo1/providers/Microsoft.ManagedIdentity/userAssignedIdentities/duploservices-azdemo1"
                ],
                "principal_id": "",
                "tenant_id": "",
                "type": "UserAssigned"
              }
            ],
            "location": "westus2",
            "logs": [
              {
                "application_logs": [
                  {
                    "azure_blob_storage": [],
                    "file_system_level": "Off"
                  }
                ],
                "http_logs": [
                  {
                    "azure_blob_storage": [],
                    "file_system": []
                  }
                ]
              }
            ],
            "name": "dockerduplo",
            "outbound_ip_addresses": "13.66.138.105,52.175.210.221,13.66.135.72,52.250.54.233,52.247.215.38",
            "possible_outbound_ip_addresses": "13.66.138.105,52.175.210.221,13.66.135.72,52.250.54.233,52.247.215.38,52.191.137.242,52.229.49.47,52.183.25.1,13.77.179.106,52.183.25.153",
            "resource_group_name": "duploservices-azdemo1",
            "site_config": [
              {
                "always_on": true,
                "app_command_line": "",
                "auto_swap_slot_name": "",
                "cors": [],
                "default_documents": [
                  "Default.htm",
                  "Default.html",
                  "Default.asp",
                  "index.htm",
                  "index.html",
                  "iisstart.htm",
                  "default.aspx",
                  "index.php",
                  "hostingstart.html"
                ],
                "dotnet_framework_version": "v4.0",
                "ftps_state": "AllAllowed",
                "health_check_path": "",
                "http2_enabled": false,
                "ip_restriction": [],
                "java_container": "",
                "java_container_version": "",
                "java_version": "",
                "linux_fx_version": "DOCKER|nginx:latest",
                "local_mysql_enabled": false,
                "managed_pipeline_mode": "Integrated",
                "min_tls_version": "1.2",
                "php_version": "",
                "python_version": "",
                "remote_debugging_enabled": false,
                "remote_debugging_version": "",
                "scm_ip_restriction": [],
                "scm_type": "None",
                "scm_use_main_ip_restriction": false,
                "use_32_bit_worker_process": true,
                "websockets_enabled": false,
                "windows_fx_version": ""
              }
            ],
            "site_credential": [
              {
                "password": "QiET0ij8MStR70RwQQxbHpTsSxCdkK7QQ56rleX7EWZXbnR0RkouPqT05Crj",
                "username": "$dockerduplo"
              }
            ],
            "source_control": [
              {
                "branch": "master",
                "manual_integration": false,
                "repo_url": "",
                "rollback_enabled": false,
                "use_mercurial": false
              }
            ],
            "storage_account": [],
            "tags": {
              "duplo-project": "azdemo1",
              "finalcheck": "val1",
              "vm-spl-tag2": "tenant-val"
            },
            "timeouts": {
              "create": null,
              "delete": null,
              "read": null,
              "update": null
            },
            "tf_resource_type": "azurerm_app_service",
            "tf_resource_var_name": "dockerduplo"
          },
          "private": "eyJlMmJmYjczMC1lY2FhLTExZTYtOGY4OC0zNDM2M2JjN2M0YzAiOnsiY3JlYXRlIjoxODAwMDAwMDAwMDAwLCJkZWxldGUiOjE4MDAwMDAwMDAwMDAsInJlYWQiOjMwMDAwMDAwMDAwMCwidXBkYXRlIjoxODAwMDAwMDAwMDAwfSwic2NoZW1hX3ZlcnNpb24iOiIwIn0="
        }
      ]
    },
    {
      "mode": "managed",
      "type": "azurerm_app_service",
      "name": "duplotestfileshare",
      "provider": "provider[\"registry.terraform.io/hashicorp/azurerm\"]",
      "instances": [
        {
          "schema_version": 0,
          "attributes": {
            "app_service_plan_id": "/subscriptions/29474c73-cd93-48f0-80ee-9577a54e2227/resourceGroups/duploservices-azdemo1/providers/Microsoft.Web/serverfarms/checkfileshare",
            "app_settings": {},
            "auth_settings": [
              {
                "active_directory": [],
                "additional_login_params": {},
                "allowed_external_redirect_urls": [],
                "default_provider": "",
                "enabled": false,
                "facebook": [],
                "google": [],
                "issuer": "",
                "microsoft": [],
                "runtime_version": "",
                "token_refresh_extension_hours": 0,
                "token_store_enabled": false,
                "twitter": [],
                "unauthenticated_client_action": ""
              }
            ],
            "backup": [],
            "client_affinity_enabled": true,
            "client_cert_enabled": false,
            "connection_string": [],
            "default_site_hostname": "duplotestfileshare.azurewebsites.net",
            "enabled": true,
            "https_only": false,
            "id": "/subscriptions/29474c73-cd93-48f0-80ee-9577a54e2227/resourceGroups/duploservices-azdemo1/providers/Microsoft.Web/sites/duplotestfileshare",
            "identity": [
              {
                "identity_ids": [
                  "/subscriptions/29474c73-cd93-48f0-80ee-9577a54e2227/resourcegroups/duploservices-azdemo1/providers/Microsoft.ManagedIdentity/userAssignedIdentities/duploservices-azdemo1"
                ],
                "principal_id": "",
                "tenant_id": "",
                "type": "UserAssigned"
              }
            ],
            "location": "westus2",
            "logs": [
              {
                "application_logs": [
                  {
                    "azure_blob_storage": [],
                    "file_system_level": "Off"
                  }
                ],
                "http_logs": [
                  {
                    "azure_blob_storage": [],
                    "file_system": []
                  }
                ]
              }
            ],
            "name": "duplotestfileshare",
            "outbound_ip_addresses": "13.66.138.105,52.175.210.221,13.66.135.72,52.250.54.233,52.247.215.38",
            "possible_outbound_ip_addresses": "13.66.138.105,52.175.210.221,13.66.135.72,52.250.54.233,52.247.215.38,52.191.137.242,52.229.49.47,52.183.25.1,13.77.179.106,52.183.25.153",
            "resource_group_name": "duploservices-azdemo1",
            "site_config": [
              {
                "always_on": true,
                "app_command_line": "",
                "auto_swap_slot_name": "",
                "cors": [],
                "default_documents": [
                  "Default.htm",
                  "Default.html",
                  "Default.asp",
                  "index.htm",
                  "index.html",
                  "iisstart.htm",
                  "default.aspx",
                  "index.php",
                  "hostingstart.html"
                ],
                "dotnet_framework_version": "v4.0",
                "ftps_state": "AllAllowed",
                "health_check_path": "",
                "http2_enabled": false,
                "ip_restriction": [],
                "java_container": "",
                "java_container_version": "",
                "java_version": "",
                "linux_fx_version": "PHP|7.4",
                "local_mysql_enabled": false,
                "managed_pipeline_mode": "Integrated",
                "min_tls_version": "1.2",
                "php_version": "",
                "python_version": "",
                "remote_debugging_enabled": false,
                "remote_debugging_version": "",
                "scm_ip_restriction": [],
                "scm_type": "None",
                "scm_use_main_ip_restriction": false,
                "use_32_bit_worker_process": true,
                "websockets_enabled": false,
                "windows_fx_version": ""
              }
            ],
            "site_credential": [
              {
                "password": "4fgMknmzvr4ZuYK5fw5KNvTSWvpXGoSav7CJQApSrc6bqJdPHlLrtxjyrrAr",
                "username": "$duplotestfileshare"
              }
            ],
            "source_control": [
              {
                "branch": "master",
                "manual_integration": false,
                "repo_url": "",
                "rollback_enabled": false,
                "use_mercurial": false
              }
            ],
            "storage_account": [
              {
                "access_key": "ETmH6YWOhevEimLmdHBfAElIulzIwdZVZry4/rrloanhnhcVHQ050zHyf7vKYz07F155cY9DuNs053ge99v/ww==",
                "account_name": "duploazdemoacc1",
                "mount_path": "/duplofileshare",
                "name": "sampleshare",
                "share_name": "sampleshare",
                "type": "AzureFiles"
              }
            ],
            "tags": {
              "duplo-project": "azdemo1",
              "finalcheck": "val1",
              "vm-spl-tag2": "tenant-val"
            },
            "timeouts": {
              "create": null,
              "delete": null,
              "read": null,
              "update": null
            },
            "tf_resource_type": "azurerm_app_service",
            "tf_resource_var_name": "duplotestfileshare"
          },
          "private": "eyJlMmJmYjczMC1lY2FhLTExZTYtOGY4OC0zNDM2M2JjN2M0YzAiOnsiY3JlYXRlIjoxODAwMDAwMDAwMDAwLCJkZWxldGUiOjE4MDAwMDAwMDAwMDAsInJlYWQiOjMwMDAwMDAwMDAwMCwidXBkYXRlIjoxODAwMDAwMDAwMDAwfSwic2NoZW1hX3ZlcnNpb24iOiIwIn0="
        }
      ]
    },
    {
      "mode": "managed",
      "type": "azurerm_app_service_plan",
      "name": "checkfileshare",
      "provider": "provider[\"registry.terraform.io/hashicorp/azurerm\"]",
      "instances": [
        {
          "schema_version": 0,
          "attributes": {
            "app_service_environment_id": "",
            "id": "/subscriptions/29474c73-cd93-48f0-80ee-9577a54e2227/resourceGroups/duploservices-azdemo1/providers/Microsoft.Web/serverfarms/checkfileshare",
            "is_xenon": false,
            "kind": "linux",
            "location": "westus2",
            "maximum_elastic_worker_count": 1,
            "maximum_number_of_workers": 10,
            "name": "checkfileshare",
            "per_site_scaling": false,
            "reserved": true,
            "resource_group_name": "duploservices-azdemo1",
            "sku": [
              {
                "capacity": 1,
                "size": "S1",
                "tier": "Standard"
              }
            ],
            "tags": {
              "duplo-project": "azdemo1",
              "finalcheck": "val1",
              "vm-spl-tag2": "tenant-val"
            },
            "timeouts": {
              "create": null,
              "delete": null,
              "read": null,
              "update": null
            },
            "tf_resource_type": "azurerm_app_service_plan",
            "tf_resource_var_name": "checkfileshare"
          },
          "private": "eyJlMmJmYjczMC1lY2FhLTExZTYtOGY4OC0zNDM2M2JjN2M0YzAiOnsiY3JlYXRlIjozNjAwMDAwMDAwMDAwLCJkZWxldGUiOjM2MDAwMDAwMDAwMDAsInJlYWQiOjMwMDAwMDAwMDAwMCwidXBkYXRlIjozNjAwMDAwMDAwMDAwfSwic2NoZW1hX3ZlcnNpb24iOiIwIn0="
        }
      ]
    },
    {
      "mode": "managed",
      "type": "azurerm_application_security_group",
      "name": "duploservices-azdemo1-asg",
      "provider": "provider[\"registry.terraform.io/hashicorp/azurerm\"]",
      "instances": [
        {
          "schema_version": 0,
          "attributes": {
            "id": "/subscriptions/29474c73-cd93-48f0-80ee-9577a54e2227/resourceGroups/duploservices-azdemo1/providers/Microsoft.Network/applicationSecurityGroups/duploservices-azdemo1-asg",
            "location": "westus2",
            "name": "duploservices-azdemo1-asg",
            "resource_group_name": "duploservices-azdemo1",
            "tags": {
              "duplo-project": "azdemo1",
              "finalcheck": "val1",
              "vm-spl-tag2": "tenant-val"
            },
            "timeouts": {
              "create": null,
              "delete": null,
              "read": null,
              "update": null
            },
            "tf_resource_type": "azurerm_application_security_group",
            "tf_resource_var_name": "duploservices-azdemo1-asg"
          },
          "private": "eyJlMmJmYjczMC1lY2FhLTExZTYtOGY4OC0zNDM2M2JjN2M0YzAiOnsiY3JlYXRlIjoxODAwMDAwMDAwMDAwLCJkZWxldGUiOjE4MDAwMDAwMDAwMDAsInJlYWQiOjMwMDAwMDAwMDAwMCwidXBkYXRlIjoxODAwMDAwMDAwMDAwfSwic2NoZW1hX3ZlcnNpb24iOiIwIn0="
        }
      ]
    },
    {
      "mode": "managed",
      "type": "azurerm_application_security_group",
      "name": "duploservices-azdemo1-checkingrpc-asg",
      "provider": "provider[\"registry.terraform.io/hashicorp/azurerm\"]",
      "instances": [
        {
          "schema_version": 0,
          "attributes": {
            "id": "/subscriptions/29474c73-cd93-48f0-80ee-9577a54e2227/resourceGroups/duploservices-azdemo1/providers/Microsoft.Network/applicationSecurityGroups/duploservices-azdemo1-checkingrpc-asg",
            "location": "westus2",
            "name": "duploservices-azdemo1-checkingrpc-asg",
            "resource_group_name": "duploservices-azdemo1",
            "tags": {
              "duplo-project": "azdemo1",
              "finalcheck": "val1",
              "vm-spl-tag2": "tenant-val"
            },
            "timeouts": {
              "create": null,
              "delete": null,
              "read": null,
              "update": null
            },
            "tf_resource_type": "azurerm_application_security_group",
            "tf_resource_var_name": "duploservices-azdemo1-checkingrpc-asg"
          },
          "private": "eyJlMmJmYjczMC1lY2FhLTExZTYtOGY4OC0zNDM2M2JjN2M0YzAiOnsiY3JlYXRlIjoxODAwMDAwMDAwMDAwLCJkZWxldGUiOjE4MDAwMDAwMDAwMDAsInJlYWQiOjMwMDAwMDAwMDAwMCwidXBkYXRlIjoxODAwMDAwMDAwMDAwfSwic2NoZW1hX3ZlcnNpb24iOiIwIn0="
        }
      ]
    },
    {
      "mode": "managed",
      "type": "azurerm_availability_set",
      "name": "duploservices-azdemo1-as",
      "provider": "provider[\"registry.terraform.io/hashicorp/azurerm\"]",
      "instances": [
        {
          "schema_version": 0,
          "attributes": {
            "id": "/subscriptions/29474c73-cd93-48f0-80ee-9577a54e2227/resourceGroups/duploservices-azdemo1/providers/Microsoft.Compute/availabilitySets/duploservices-azdemo1-as",
            "location": "westus2",
            "managed": true,
            "name": "duploservices-azdemo1-as",
            "platform_fault_domain_count": 2,
            "platform_update_domain_count": 5,
            "proximity_placement_group_id": null,
            "resource_group_name": "duploservices-azdemo1",
            "tags": {
              "duplo-project": "azdemo1",
              "finalcheck": "val1",
              "vm-spl-tag2": "tenant-val"
            },
            "timeouts": {
              "create": null,
              "delete": null,
              "read": null,
              "update": null
            },
            "tf_resource_type": "azurerm_availability_set",
            "tf_resource_var_name": "duploservices-azdemo1-as"
          },
          "private": "eyJlMmJmYjczMC1lY2FhLTExZTYtOGY4OC0zNDM2M2JjN2M0YzAiOnsiY3JlYXRlIjoxODAwMDAwMDAwMDAwLCJkZWxldGUiOjE4MDAwMDAwMDAwMDAsInJlYWQiOjMwMDAwMDAwMDAwMCwidXBkYXRlIjoxODAwMDAwMDAwMDAwfSwic2NoZW1hX3ZlcnNpb24iOiIwIn0="
        }
      ]
    },
    {
      "mode": "managed",
      "type": "azurerm_container_group",
      "name": "u2aebu5533dj6azscripts",
      "provider": "provider[\"registry.terraform.io/hashicorp/azurerm\"]",
      "instances": [
        {
          "schema_version": 0,
          "attributes": {
            "container": [
              {
                "commands": [
                  "bash",
                  "/mnt/azscripts/azscriptinput/DeploymentScript.sh"
                ],
                "cpu": 1,
                "environment_variables": {
                  "AZ_SCRIPTS_AZURE_ENVIRONMENT": "AzureCloud",
                  "AZ_SCRIPTS_CLEANUP_PREFERENCE": "OnSuccess",
                  "AZ_SCRIPTS_PATH_EXECUTION_RESULTS_FILE_NAME": "executionresult.json",
                  "AZ_SCRIPTS_PATH_INPUT_DIRECTORY": "/mnt/azscripts/azscriptinput",
                  "AZ_SCRIPTS_PATH_OUTPUT_DIRECTORY": "/mnt/azscripts/azscriptoutput",
                  "AZ_SCRIPTS_PATH_PRIMARY_SCRIPT_URI_FILE_NAME": "primaryscripturi.config",
                  "AZ_SCRIPTS_PATH_SCRIPT_OUTPUT_FILE_NAME": "scriptoutputs.json",
                  "AZ_SCRIPTS_PATH_SUPPORTING_SCRIPT_URI_FILE_NAME": "supportingscripturi.config",
                  "AZ_SCRIPTS_PATH_USER_SCRIPT_FILE_NAME": "userscript.sh"
                },
                "gpu": [],
                "image": "mcr.microsoft.com/azure-cli:2.0.80",
                "liveness_probe": [],
                "memory": 1,
                "name": "az-scripts-2genweijrdu6mazscripts",
                "ports": [],
                "readiness_probe": [],
                "secure_environment_variables": {
                  "someSecret": ""
                },
                "volume": [
                  {
                    "git_repo": [],
                    "mount_path": "/mnt/azscripts/",
                    "name": "azscripts",
                    "read_only": false,
                    "share_name": "df23zemzq45diazscripts",
                    "storage_account_key": "",
                    "storage_account_name": "u2aebu5533dj6azscripts"
                  }
                ]
              }
            ],
            "diagnostics": [],
            "dns_config": [],
            "dns_name_label": null,
            "fqdn": null,
            "id": "/subscriptions/29474c73-cd93-48f0-80ee-9577a54e2227/resourceGroups/duploservices-azdemo1/providers/Microsoft.ContainerInstance/containerGroups/u2aebu5533dj6azscripts",
            "identity": [
              {
                "identity_ids": [
                  "/subscriptions/29474c73-cd93-48f0-80ee-9577a54e2227/resourceGroups/duploinfra-demo/providers/Microsoft.ManagedIdentity/userAssignedIdentities/azure-deployment-scripts"
                ],
                "principal_id": "",
                "type": "UserAssigned"
              }
            ],
            "image_registry_credential": [],
            "ip_address": null,
            "ip_address_type": null,
            "location": "eastus",
            "name": "u2aebu5533dj6azscripts",
            "network_profile_id": null,
            "os_type": "Linux",
            "resource_group_name": "duploservices-azdemo1",
            "restart_policy": "Never",
            "tags": {
              "duplo-project": "azdemo1",
              "finalcheck": "val1",
              "vm-spl-tag2": "tenant-val"
            },
            "timeouts": {
              "create": null,
              "delete": null,
              "read": null,
              "update": null
            },
            "tf_resource_type": "azurerm_container_group",
            "tf_resource_var_name": "u2aebu5533dj6azscripts"
          },
          "private": "eyJlMmJmYjczMC1lY2FhLTExZTYtOGY4OC0zNDM2M2JjN2M0YzAiOnsiY3JlYXRlIjoxODAwMDAwMDAwMDAwLCJkZWxldGUiOjE4MDAwMDAwMDAwMDAsInJlYWQiOjMwMDAwMDAwMDAwMCwidXBkYXRlIjoxODAwMDAwMDAwMDAwfSwic2NoZW1hX3ZlcnNpb24iOiIwIn0="
        }
      ]
    },
    {
      "mode": "managed",
      "type": "azurerm_network_interface",
      "name": "duploservices-azdemo1-host1-dohpx",
      "provider": "provider[\"registry.terraform.io/hashicorp/azurerm\"]",
      "instances": [
        {
          "schema_version": 0,
          "attributes": {
            "applied_dns_servers": [],
            "dns_servers": [],
            "enable_accelerated_networking": false,
            "enable_ip_forwarding": false,
            "id": "/subscriptions/29474c73-cd93-48f0-80ee-9577a54e2227/resourceGroups/duploservices-azdemo1/providers/Microsoft.Network/networkInterfaces/duploservices-azdemo1-host1-dohpx",
            "internal_dns_name_label": "",
            "internal_domain_name_suffix": "u01rhehzqzsuhep3d455wcakxa.xx.internal.cloudapp.net",
            "ip_configuration": [
              {
                "name": "duploservices-azdemo1-host1-dohpx",
                "primary": true,
                "private_ip_address": "10.50.1.4",
                "private_ip_address_allocation": "Dynamic",
                "private_ip_address_version": "IPv4",
                "public_ip_address_id": "",
                "subnet_id": "/subscriptions/29474c73-cd93-48f0-80ee-9577a54e2227/resourceGroups/duploinfra-demo/providers/Microsoft.Network/virtualNetworks/demo/subnets/default"
              }
            ],
            "location": "westus2",
            "mac_address": "00-0D-3A-C5-70-36",
            "name": "duploservices-azdemo1-host1-dohpx",
            "private_ip_address": "10.50.1.4",
            "private_ip_addresses": [
              "10.50.1.4"
            ],
            "resource_group_name": "duploservices-azdemo1",
            "tags": {
              "duplo-project": "azdemo1",
              "finalcheck": "val1",
              "vm-spl-tag2": "tenant-val"
            },
            "timeouts": {
              "create": null,
              "delete": null,
              "read": null,
              "update": null
            },
            "virtual_machine_id": "/subscriptions/29474c73-cd93-48f0-80ee-9577a54e2227/resourceGroups/duploservices-azdemo1/providers/Microsoft.Compute/virtualMachines/duploservices-azdemo1-host1-dohpx",
            "tf_resource_type": "azurerm_network_interface",
            "tf_resource_var_name": "duploservices-azdemo1-host1-dohpx"
          },
          "private": "eyJlMmJmYjczMC1lY2FhLTExZTYtOGY4OC0zNDM2M2JjN2M0YzAiOnsiY3JlYXRlIjoxODAwMDAwMDAwMDAwLCJkZWxldGUiOjE4MDAwMDAwMDAwMDAsInJlYWQiOjMwMDAwMDAwMDAwMCwidXBkYXRlIjoxODAwMDAwMDAwMDAwfSwic2NoZW1hX3ZlcnNpb24iOiIwIn0="
        }
      ]
    },
    {
      "mode": "managed",
      "type": "azurerm_network_interface",
      "name": "duploservices-azdemo1-log-aqlg5r",
      "provider": "provider[\"registry.terraform.io/hashicorp/azurerm\"]",
      "instances": [
        {
          "schema_version": 0,
          "attributes": {
            "applied_dns_servers": [],
            "dns_servers": [],
            "enable_accelerated_networking": false,
            "enable_ip_forwarding": false,
            "id": "/subscriptions/29474c73-cd93-48f0-80ee-9577a54e2227/resourceGroups/duploservices-azdemo1/providers/Microsoft.Network/networkInterfaces/duploservices-azdemo1-log-aqlg5r",
            "internal_dns_name_label": "",
            "internal_domain_name_suffix": "",
            "ip_configuration": [
              {
                "name": "duploservices-azdemo1-log-aqlg5r",
                "primary": true,
                "private_ip_address": "10.50.0.4",
                "private_ip_address_allocation": "Dynamic",
                "private_ip_address_version": "IPv4",
                "public_ip_address_id": "",
                "subnet_id": "/subscriptions/29474c73-cd93-48f0-80ee-9577a54e2227/resourceGroups/duploinfra-demo/providers/Microsoft.Network/virtualNetworks/demo/subnets/aadds-subnet"
              }
            ],
            "location": "westus2",
            "mac_address": "00-0D-3A-F5-9A-E1",
            "name": "duploservices-azdemo1-log-aqlg5r",
            "private_ip_address": "10.50.0.4",
            "private_ip_addresses": [
              "10.50.0.4"
            ],
            "resource_group_name": "duploservices-azdemo1",
            "tags": {
              "duplo-project": "azdemo1",
              "finalcheck": "val1",
              "vm-spl-tag2": "tenant-val"
            },
            "timeouts": {
              "create": null,
              "delete": null,
              "read": null,
              "update": null
            },
            "virtual_machine_id": "/subscriptions/29474c73-cd93-48f0-80ee-9577a54e2227/resourceGroups/duploservices-azdemo1/providers/Microsoft.Compute/virtualMachines/duploservices-azdemo1-log-aqlg5r",
            "tf_resource_type": "azurerm_network_interface",
            "tf_resource_var_name": "duploservices-azdemo1-log-aqlg5r"
          },
          "private": "eyJlMmJmYjczMC1lY2FhLTExZTYtOGY4OC0zNDM2M2JjN2M0YzAiOnsiY3JlYXRlIjoxODAwMDAwMDAwMDAwLCJkZWxldGUiOjE4MDAwMDAwMDAwMDAsInJlYWQiOjMwMDAwMDAwMDAwMCwidXBkYXRlIjoxODAwMDAwMDAwMDAwfSwic2NoZW1hX3ZlcnNpb24iOiIwIn0="
        }
      ]
    },
    {
      "mode": "managed",
      "type": "azurerm_network_security_group",
      "name": "checkase-nsg",
      "provider": "provider[\"registry.terraform.io/hashicorp/azurerm\"]",
      "instances": [
        {
          "schema_version": 0,
          "attributes": {
            "id": "/subscriptions/29474c73-cd93-48f0-80ee-9577a54e2227/resourceGroups/duploservices-azdemo1/providers/Microsoft.Network/networkSecurityGroups/checkase-NSG",
            "location": "westus2",
            "name": "checkase-NSG",
            "resource_group_name": "duploservices-azdemo1",
            "security_rule": [
              {
                "access": "Allow",
                "description": "ASE to VNET",
                "destination_address_prefix": "10.50.0.0/16",
                "destination_address_prefixes": [],
                "destination_application_security_group_ids": [],
                "destination_port_range": "*",
                "destination_port_ranges": [],
                "direction": "Outbound",
                "name": "ASE-to-VNET",
                "priority": 150,
                "protocol": "*",
                "source_address_prefix": "*",
                "source_address_prefixes": [],
                "source_application_security_group_ids": [],
                "source_port_range": "*",
                "source_port_ranges": []
              },
              {
                "access": "Allow",
                "description": "ASE-internal-inbound",
                "destination_address_prefix": "*",
                "destination_address_prefixes": [],
                "destination_application_security_group_ids": [],
                "destination_port_range": "*",
                "destination_port_ranges": [],
                "direction": "Inbound",
                "name": "ASE-internal-inbound",
                "priority": 110,
                "protocol": "*",
                "source_address_prefix": "10.50.5.0/24",
                "source_address_prefixes": [],
                "source_application_security_group_ids": [],
                "source_port_range": "*",
                "source_port_ranges": []
              },
              {
                "access": "Allow",
                "description": "Allow FTP over port 21",
                "destination_address_prefix": "*",
                "destination_address_prefixes": [],
                "destination_application_security_group_ids": [],
                "destination_port_range": "21",
                "destination_port_ranges": [],
                "direction": "Inbound",
                "name": "Inbound-FTP",
                "priority": 140,
                "protocol": "*",
                "source_address_prefix": "*",
                "source_address_prefixes": [],
                "source_application_security_group_ids": [],
                "source_port_range": "*",
                "source_port_ranges": []
              },
              {
                "access": "Allow",
                "description": "Allow FTPS",
                "destination_address_prefix": "*",
                "destination_address_prefixes": [],
                "destination_application_security_group_ids": [],
                "destination_port_range": "990",
                "destination_port_ranges": [],
                "direction": "Inbound",
                "name": "Inbound-FTPS",
                "priority": 150,
                "protocol": "*",
                "source_address_prefix": "*",
                "source_address_prefixes": [],
                "source_application_security_group_ids": [],
                "source_port_range": "*",
                "source_port_ranges": []
              },
              {
                "access": "Allow",
                "description": "Allow HTTP",
                "destination_address_prefix": "*",
                "destination_address_prefixes": [],
                "destination_application_security_group_ids": [],
                "destination_port_range": "80",
                "destination_port_ranges": [],
                "direction": "Inbound",
                "name": "Inbound-HTTP",
                "priority": 120,
                "protocol": "*",
                "source_address_prefix": "*",
                "source_address_prefixes": [],
                "source_application_security_group_ids": [],
                "source_port_range": "*",
                "source_port_ranges": []
              },
              {
                "access": "Allow",
                "description": "Allow HTTPS",
                "destination_address_prefix": "*",
                "destination_address_prefixes": [],
                "destination_application_security_group_ids": [],
                "destination_port_range": "443",
                "destination_port_ranges": [],
                "direction": "Inbound",
                "name": "Inbound-HTTPS",
                "priority": 130,
                "protocol": "*",
                "source_address_prefix": "*",
                "source_address_prefixes": [],
                "source_application_security_group_ids": [],
                "source_port_range": "*",
                "source_port_ranges": []
              },
              {
                "access": "Allow",
                "description": "Allow communication to ASE from Load Balancer",
                "destination_address_prefix": "*",
                "destination_address_prefixes": [],
                "destination_application_security_group_ids": [],
                "destination_port_range": "16001",
                "destination_port_ranges": [],
                "direction": "Inbound",
                "name": "Inbound-load-balancer-keep-alive",
                "priority": 105,
                "protocol": "*",
                "source_address_prefix": "AzureLoadBalancer",
                "source_address_prefixes": [],
                "source_application_security_group_ids": [],
                "source_port_range": "*",
                "source_port_ranges": []
              },
              {
                "access": "Allow",
                "description": "Azure Storage blob",
                "destination_address_prefix": "*",
                "destination_address_prefixes": [],
                "destination_application_security_group_ids": [],
                "destination_port_range": "443",
                "destination_port_ranges": [],
                "direction": "Outbound",
                "name": "Outbound-443",
                "priority": 100,
                "protocol": "*",
                "source_address_prefix": "*",
                "source_address_prefixes": [],
                "source_application_security_group_ids": [],
                "source_port_range": "*",
                "source_port_ranges": []
              },
              {
                "access": "Allow",
                "description": "Azure Storage queue",
                "destination_address_prefix": "10.50.5.0/24",
                "destination_address_prefixes": [],
                "destination_application_security_group_ids": [],
                "destination_port_range": "*",
                "destination_port_ranges": [],
                "direction": "Outbound",
                "name": "ASE-internal-outbound",
                "priority": 130,
                "protocol": "*",
                "source_address_prefix": "*",
                "source_address_prefixes": [],
                "source_application_security_group_ids": [],
                "source_port_range": "*",
                "source_port_ranges": []
              },
              {
                "access": "Allow",
                "description": "Clock",
                "destination_address_prefix": "*",
                "destination_address_prefixes": [],
                "destination_application_security_group_ids": [],
                "destination_port_range": "123",
                "destination_port_ranges": [],
                "direction": "Outbound",
                "name": "Outbound-NTP",
                "priority": 160,
                "protocol": "*",
                "source_address_prefix": "*",
                "source_address_prefixes": [],
                "source_application_security_group_ids": [],
                "source_port_range": "*",
                "source_port_ranges": []
              },
              {
                "access": "Allow",
                "description": "DNS",
                "destination_address_prefix": "*",
                "destination_address_prefixes": [],
                "destination_application_security_group_ids": [],
                "destination_port_range": "53",
                "destination_port_ranges": [],
                "direction": "Outbound",
                "name": "Outbound-DNS",
                "priority": 120,
                "protocol": "*",
                "source_address_prefix": "*",
                "source_address_prefixes": [],
                "source_application_security_group_ids": [],
                "source_port_range": "*",
                "source_port_ranges": []
              },
              {
                "access": "Allow",
                "description": "Database",
                "destination_address_prefix": "Sql",
                "destination_address_prefixes": [],
                "destination_application_security_group_ids": [],
                "destination_port_range": "1433",
                "destination_port_ranges": [],
                "direction": "Outbound",
                "name": "Outbound-DB",
                "priority": 110,
                "protocol": "*",
                "source_address_prefix": "*",
                "source_address_prefixes": [],
                "source_application_security_group_ids": [],
                "source_port_range": "*",
                "source_port_ranges": []
              },
              {
                "access": "Allow",
                "description": "Outbound 80",
                "destination_address_prefix": "*",
                "destination_address_prefixes": [],
                "destination_application_security_group_ids": [],
                "destination_port_range": "80",
                "destination_port_ranges": [],
                "direction": "Outbound",
                "name": "Outbound-80",
                "priority": 140,
                "protocol": "*",
                "source_address_prefix": "*",
                "source_address_prefixes": [],
                "source_application_security_group_ids": [],
                "source_port_range": "*",
                "source_port_ranges": []
              },
              {
                "access": "Allow",
                "description": "RDP",
                "destination_address_prefix": "*",
                "destination_address_prefixes": [],
                "destination_application_security_group_ids": [],
                "destination_port_range": "10001-10020",
                "destination_port_ranges": [],
                "direction": "Inbound",
                "name": "Inbound-FTP-Data",
                "priority": 160,
                "protocol": "*",
                "source_address_prefix": "*",
                "source_address_prefixes": [],
                "source_application_security_group_ids": [],
                "source_port_range": "*",
                "source_port_ranges": []
              },
              {
                "access": "Allow",
                "description": "Used to manage ASE from public VIP",
                "destination_address_prefix": "*",
                "destination_address_prefixes": [],
                "destination_application_security_group_ids": [],
                "destination_port_range": "454-455",
                "destination_port_ranges": [],
                "direction": "Inbound",
                "name": "Inbound-management",
                "priority": 100,
                "protocol": "*",
                "source_address_prefix": "AppServiceManagement",
                "source_address_prefixes": [],
                "source_application_security_group_ids": [],
                "source_port_range": "*",
                "source_port_ranges": []
              },
              {
                "access": "Allow",
                "description": "Visual Studio remote debugging",
                "destination_address_prefix": "*",
                "destination_address_prefixes": [],
                "destination_application_security_group_ids": [],
                "destination_port_range": "4016-4022",
                "destination_port_ranges": [],
                "direction": "Inbound",
                "name": "Inbound-Remote-Debugging",
                "priority": 170,
                "protocol": "*",
                "source_address_prefix": "*",
                "source_address_prefixes": [],
                "source_application_security_group_ids": [],
                "source_port_range": "*",
                "source_port_ranges": []
              }
            ],
            "tags": {
              "duplo-project": "azdemo1",
              "finalcheck": "val1",
              "vm-spl-tag2": "tenant-val"
            },
            "timeouts": {
              "create": null,
              "delete": null,
              "read": null,
              "update": null
            },
            "tf_resource_type": "azurerm_network_security_group",
            "tf_resource_var_name": "checkase-nsg"
          },
          "private": "eyJlMmJmYjczMC1lY2FhLTExZTYtOGY4OC0zNDM2M2JjN2M0YzAiOnsiY3JlYXRlIjoxODAwMDAwMDAwMDAwLCJkZWxldGUiOjE4MDAwMDAwMDAwMDAsInJlYWQiOjMwMDAwMDAwMDAwMCwidXBkYXRlIjoxODAwMDAwMDAwMDAwfSwic2NoZW1hX3ZlcnNpb24iOiIwIn0="
        }
      ]
    },
    {
      "mode": "managed",
      "type": "azurerm_network_security_group",
      "name": "internalase-nsg",
      "provider": "provider[\"registry.terraform.io/hashicorp/azurerm\"]",
      "instances": [
        {
          "schema_version": 0,
          "attributes": {
            "id": "/subscriptions/29474c73-cd93-48f0-80ee-9577a54e2227/resourceGroups/duploservices-azdemo1/providers/Microsoft.Network/networkSecurityGroups/internalase-NSG",
            "location": "westus2",
            "name": "internalase-NSG",
            "resource_group_name": "duploservices-azdemo1",
            "security_rule": [
              {
                "access": "Allow",
                "description": "ASE to VNET",
                "destination_address_prefix": "10.50.0.0/16",
                "destination_address_prefixes": [],
                "destination_application_security_group_ids": [],
                "destination_port_range": "*",
                "destination_port_ranges": [],
                "direction": "Outbound",
                "name": "ASE-to-VNET",
                "priority": 150,
                "protocol": "*",
                "source_address_prefix": "*",
                "source_address_prefixes": [],
                "source_application_security_group_ids": [],
                "source_port_range": "*",
                "source_port_ranges": []
              },
              {
                "access": "Allow",
                "description": "ASE-internal-inbound",
                "destination_address_prefix": "*",
                "destination_address_prefixes": [],
                "destination_application_security_group_ids": [],
                "destination_port_range": "*",
                "destination_port_ranges": [],
                "direction": "Inbound",
                "name": "ASE-internal-inbound",
                "priority": 110,
                "protocol": "*",
                "source_address_prefix": "10.50.6.0/24",
                "source_address_prefixes": [],
                "source_application_security_group_ids": [],
                "source_port_range": "*",
                "source_port_ranges": []
              },
              {
                "access": "Allow",
                "description": "Allow FTP over port 21",
                "destination_address_prefix": "*",
                "destination_address_prefixes": [],
                "destination_application_security_group_ids": [],
                "destination_port_range": "21",
                "destination_port_ranges": [],
                "direction": "Inbound",
                "name": "Inbound-FTP",
                "priority": 140,
                "protocol": "*",
                "source_address_prefix": "*",
                "source_address_prefixes": [],
                "source_application_security_group_ids": [],
                "source_port_range": "*",
                "source_port_ranges": []
              },
              {
                "access": "Allow",
                "description": "Allow FTPS",
                "destination_address_prefix": "*",
                "destination_address_prefixes": [],
                "destination_application_security_group_ids": [],
                "destination_port_range": "990",
                "destination_port_ranges": [],
                "direction": "Inbound",
                "name": "Inbound-FTPS",
                "priority": 150,
                "protocol": "*",
                "source_address_prefix": "*",
                "source_address_prefixes": [],
                "source_application_security_group_ids": [],
                "source_port_range": "*",
                "source_port_ranges": []
              },
              {
                "access": "Allow",
                "description": "Allow HTTP",
                "destination_address_prefix": "*",
                "destination_address_prefixes": [],
                "destination_application_security_group_ids": [],
                "destination_port_range": "80",
                "destination_port_ranges": [],
                "direction": "Inbound",
                "name": "Inbound-HTTP",
                "priority": 120,
                "protocol": "*",
                "source_address_prefix": "*",
                "source_address_prefixes": [],
                "source_application_security_group_ids": [],
                "source_port_range": "*",
                "source_port_ranges": []
              },
              {
                "access": "Allow",
                "description": "Allow HTTPS",
                "destination_address_prefix": "*",
                "destination_address_prefixes": [],
                "destination_application_security_group_ids": [],
                "destination_port_range": "443",
                "destination_port_ranges": [],
                "direction": "Inbound",
                "name": "Inbound-HTTPS",
                "priority": 130,
                "protocol": "*",
                "source_address_prefix": "*",
                "source_address_prefixes": [],
                "source_application_security_group_ids": [],
                "source_port_range": "*",
                "source_port_ranges": []
              },
              {
                "access": "Allow",
                "description": "Allow communication to ASE from Load Balancer",
                "destination_address_prefix": "*",
                "destination_address_prefixes": [],
                "destination_application_security_group_ids": [],
                "destination_port_range": "16001",
                "destination_port_ranges": [],
                "direction": "Inbound",
                "name": "Inbound-load-balancer-keep-alive",
                "priority": 105,
                "protocol": "*",
                "source_address_prefix": "AzureLoadBalancer",
                "source_address_prefixes": [],
                "source_application_security_group_ids": [],
                "source_port_range": "*",
                "source_port_ranges": []
              },
              {
                "access": "Allow",
                "description": "Azure Storage blob",
                "destination_address_prefix": "*",
                "destination_address_prefixes": [],
                "destination_application_security_group_ids": [],
                "destination_port_range": "443",
                "destination_port_ranges": [],
                "direction": "Outbound",
                "name": "Outbound-443",
                "priority": 100,
                "protocol": "*",
                "source_address_prefix": "*",
                "source_address_prefixes": [],
                "source_application_security_group_ids": [],
                "source_port_range": "*",
                "source_port_ranges": []
              },
              {
                "access": "Allow",
                "description": "Azure Storage queue",
                "destination_address_prefix": "10.50.6.0/24",
                "destination_address_prefixes": [],
                "destination_application_security_group_ids": [],
                "destination_port_range": "*",
                "destination_port_ranges": [],
                "direction": "Outbound",
                "name": "ASE-internal-outbound",
                "priority": 130,
                "protocol": "*",
                "source_address_prefix": "*",
                "source_address_prefixes": [],
                "source_application_security_group_ids": [],
                "source_port_range": "*",
                "source_port_ranges": []
              },
              {
                "access": "Allow",
                "description": "Clock",
                "destination_address_prefix": "*",
                "destination_address_prefixes": [],
                "destination_application_security_group_ids": [],
                "destination_port_range": "123",
                "destination_port_ranges": [],
                "direction": "Outbound",
                "name": "Outbound-NTP",
                "priority": 160,
                "protocol": "*",
                "source_address_prefix": "*",
                "source_address_prefixes": [],
                "source_application_security_group_ids": [],
                "source_port_range": "*",
                "source_port_ranges": []
              },
              {
                "access": "Allow",
                "description": "DNS",
                "destination_address_prefix": "*",
                "destination_address_prefixes": [],
                "destination_application_security_group_ids": [],
                "destination_port_range": "53",
                "destination_port_ranges": [],
                "direction": "Outbound",
                "name": "Outbound-DNS",
                "priority": 120,
                "protocol": "*",
                "source_address_prefix": "*",
                "source_address_prefixes": [],
                "source_application_security_group_ids": [],
                "source_port_range": "*",
                "source_port_ranges": []
              },
              {
                "access": "Allow",
                "description": "Database",
                "destination_address_prefix": "Sql",
                "destination_address_prefixes": [],
                "destination_application_security_group_ids": [],
                "destination_port_range": "1433",
                "destination_port_ranges": [],
                "direction": "Outbound",
                "name": "Outbound-DB",
                "priority": 110,
                "protocol": "*",
                "source_address_prefix": "*",
                "source_address_prefixes": [],
                "source_application_security_group_ids": [],
                "source_port_range": "*",
                "source_port_ranges": []
              },
              {
                "access": "Allow",
                "description": "Outbound 80",
                "destination_address_prefix": "*",
                "destination_address_prefixes": [],
                "destination_application_security_group_ids": [],
                "destination_port_range": "80",
                "destination_port_ranges": [],
                "direction": "Outbound",
                "name": "Outbound-80",
                "priority": 140,
                "protocol": "*",
                "source_address_prefix": "*",
                "source_address_prefixes": [],
                "source_application_security_group_ids": [],
                "source_port_range": "*",
                "source_port_ranges": []
              },
              {
                "access": "Allow",
                "description": "RDP",
                "destination_address_prefix": "*",
                "destination_address_prefixes": [],
                "destination_application_security_group_ids": [],
                "destination_port_range": "10001-10020",
                "destination_port_ranges": [],
                "direction": "Inbound",
                "name": "Inbound-FTP-Data",
                "priority": 160,
                "protocol": "*",
                "source_address_prefix": "*",
                "source_address_prefixes": [],
                "source_application_security_group_ids": [],
                "source_port_range": "*",
                "source_port_ranges": []
              },
              {
                "access": "Allow",
                "description": "Used to manage ASE from public VIP",
                "destination_address_prefix": "*",
                "destination_address_prefixes": [],
                "destination_application_security_group_ids": [],
                "destination_port_range": "454-455",
                "destination_port_ranges": [],
                "direction": "Inbound",
                "name": "Inbound-management",
                "priority": 100,
                "protocol": "*",
                "source_address_prefix": "AppServiceManagement",
                "source_address_prefixes": [],
                "source_application_security_group_ids": [],
                "source_port_range": "*",
                "source_port_ranges": []
              },
              {
                "access": "Allow",
                "description": "Visual Studio remote debugging",
                "destination_address_prefix": "*",
                "destination_address_prefixes": [],
                "destination_application_security_group_ids": [],
                "destination_port_range": "4016-4022",
                "destination_port_ranges": [],
                "direction": "Inbound",
                "name": "Inbound-Remote-Debugging",
                "priority": 170,
                "protocol": "*",
                "source_address_prefix": "*",
                "source_address_prefixes": [],
                "source_application_security_group_ids": [],
                "source_port_range": "*",
                "source_port_ranges": []
              }
            ],
            "tags": {
              "duplo-project": "azdemo1",
              "finalcheck": "val1",
              "vm-spl-tag2": "tenant-val"
            },
            "timeouts": {
              "create": null,
              "delete": null,
              "read": null,
              "update": null
            },
            "tf_resource_type": "azurerm_network_security_group",
            "tf_resource_var_name": "internalase-nsg"
          },
          "private": "eyJlMmJmYjczMC1lY2FhLTExZTYtOGY4OC0zNDM2M2JjN2M0YzAiOnsiY3JlYXRlIjoxODAwMDAwMDAwMDAwLCJkZWxldGUiOjE4MDAwMDAwMDAwMDAsInJlYWQiOjMwMDAwMDAwMDAwMCwidXBkYXRlIjoxODAwMDAwMDAwMDAwfSwic2NoZW1hX3ZlcnNpb24iOiIwIn0="
        }
      ]
    },
    {
      "mode": "managed",
      "type": "azurerm_private_dns_zone",
      "name": "internalase-appserviceenvironment-net",
      "provider": "provider[\"registry.terraform.io/hashicorp/azurerm\"]",
      "instances": [
        {
          "schema_version": 0,
          "attributes": {
            "id": "/subscriptions/29474c73-cd93-48f0-80ee-9577a54e2227/resourceGroups/duploservices-azdemo1/providers/Microsoft.Network/privateDnsZones/internalase.appserviceenvironment.net",
            "max_number_of_record_sets": 25000,
            "max_number_of_virtual_network_links": 1000,
            "max_number_of_virtual_network_links_with_registration": 100,
            "name": "internalase.appserviceenvironment.net",
            "number_of_record_sets": 6,
            "resource_group_name": "duploservices-azdemo1",
            "tags": {
              "duplo-project": "azdemo1",
              "finalcheck": "val1",
              "vm-spl-tag2": "tenant-val"
            },
            "timeouts": {
              "create": null,
              "delete": null,
              "read": null,
              "update": null
            },
            "tf_resource_type": "azurerm_private_dns_zone",
            "tf_resource_var_name": "internalase-appserviceenvironment-net"
          },
          "private": "eyJlMmJmYjczMC1lY2FhLTExZTYtOGY4OC0zNDM2M2JjN2M0YzAiOnsiY3JlYXRlIjoxODAwMDAwMDAwMDAwLCJkZWxldGUiOjE4MDAwMDAwMDAwMDAsInJlYWQiOjMwMDAwMDAwMDAwMCwidXBkYXRlIjoxODAwMDAwMDAwMDAwfSwic2NoZW1hX3ZlcnNpb24iOiIwIn0="
        }
      ]
    },
    {
      "mode": "managed",
      "type": "azurerm_resource_group",
      "name": "duplomgapp-mgr-azdemo1",
      "provider": "provider[\"registry.terraform.io/hashicorp/azurerm\"]",
      "instances": [
        {
          "schema_version": 0,
          "attributes": {
            "id": "/subscriptions/29474c73-cd93-48f0-80ee-9577a54e2227/resourceGroups/duplomgapp-mgr-azdemo1",
            "location": "eastus",
            "name": "duplomgapp-mgr-azdemo1",
            "tags": {},
            "timeouts": {
              "create": null,
              "delete": null,
              "read": null,
              "update": null
            },
            "tf_resource_type": "azurerm_resource_group",
            "tf_resource_var_name": "duplomgapp-mgr-azdemo1"
          },
          "private": "eyJlMmJmYjczMC1lY2FhLTExZTYtOGY4OC0zNDM2M2JjN2M0YzAiOnsiY3JlYXRlIjo1NDAwMDAwMDAwMDAwLCJkZWxldGUiOjU0MDAwMDAwMDAwMDAsInJlYWQiOjMwMDAwMDAwMDAwMCwidXBkYXRlIjo1NDAwMDAwMDAwMDAwfSwic2NoZW1hX3ZlcnNpb24iOiIwIn0="
        }
      ]
    },
    {
      "mode": "managed",
      "type": "azurerm_resource_group",
      "name": "duploservices-azdemo1",
      "provider": "provider[\"registry.terraform.io/hashicorp/azurerm\"]",
      "instances": [
        {
          "schema_version": 0,
          "attributes": {
            "id": "/subscriptions/29474c73-cd93-48f0-80ee-9577a54e2227/resourceGroups/duploservices-azdemo1",
            "location": "westus2",
            "name": "duploservices-azdemo1",
            "tags": {
              "duplo-project": "azdemo1",
              "finalcheck": "val1",
              "vm-spl-tag2": "tenant-val"
            },
            "timeouts": {
              "create": null,
              "delete": null,
              "read": null,
              "update": null
            },
            "tf_resource_type": "azurerm_resource_group",
            "tf_resource_var_name": "duploservices-azdemo1"
          },
          "private": "eyJlMmJmYjczMC1lY2FhLTExZTYtOGY4OC0zNDM2M2JjN2M0YzAiOnsiY3JlYXRlIjo1NDAwMDAwMDAwMDAwLCJkZWxldGUiOjU0MDAwMDAwMDAwMDAsInJlYWQiOjMwMDAwMDAwMDAwMCwidXBkYXRlIjo1NDAwMDAwMDAwMDAwfSwic2NoZW1hX3ZlcnNpb24iOiIwIn0="
        }
      ]
    },
    {
      "mode": "managed",
      "type": "azurerm_route_table",
      "name": "checkase-route-table",
      "provider": "provider[\"registry.terraform.io/hashicorp/azurerm\"]",
      "instances": [
        {
          "schema_version": 0,
          "attributes": {
            "disable_bgp_route_propagation": false,
            "id": "/subscriptions/29474c73-cd93-48f0-80ee-9577a54e2227/resourceGroups/duploservices-azdemo1/providers/Microsoft.Network/routeTables/checkase-Route-Table",
            "location": "westus2",
            "name": "checkase-Route-Table",
            "resource_group_name": "duploservices-azdemo1",
            "route": [
              {
                "address_prefix": "0.0.0.0/0",
                "name": "checkase-route",
                "next_hop_in_ip_address": "",
                "next_hop_type": "Internet"
              }
            ],
            "subnets": [
              "/subscriptions/29474c73-cd93-48f0-80ee-9577a54e2227/resourceGroups/duploinfra-demo/providers/Microsoft.Network/virtualNetworks/demo/subnets/ase"
            ],
            "tags": {
              "duplo-project": "azdemo1",
              "finalcheck": "val1",
              "vm-spl-tag2": "tenant-val"
            },
            "timeouts": {
              "create": null,
              "delete": null,
              "read": null,
              "update": null
            },
            "tf_resource_type": "azurerm_route_table",
            "tf_resource_var_name": "checkase-route-table"
          },
          "private": "eyJlMmJmYjczMC1lY2FhLTExZTYtOGY4OC0zNDM2M2JjN2M0YzAiOnsiY3JlYXRlIjoxODAwMDAwMDAwMDAwLCJkZWxldGUiOjE4MDAwMDAwMDAwMDAsInJlYWQiOjMwMDAwMDAwMDAwMCwidXBkYXRlIjoxODAwMDAwMDAwMDAwfSwic2NoZW1hX3ZlcnNpb24iOiIwIn0="
        }
      ]
    },
    {
      "mode": "managed",
      "type": "azurerm_route_table",
      "name": "internalase-route-table",
      "provider": "provider[\"registry.terraform.io/hashicorp/azurerm\"]",
      "instances": [
        {
          "schema_version": 0,
          "attributes": {
            "disable_bgp_route_propagation": false,
            "id": "/subscriptions/29474c73-cd93-48f0-80ee-9577a54e2227/resourceGroups/duploservices-azdemo1/providers/Microsoft.Network/routeTables/internalase-Route-Table",
            "location": "westus2",
            "name": "internalase-Route-Table",
            "resource_group_name": "duploservices-azdemo1",
            "route": [
              {
                "address_prefix": "0.0.0.0/0",
                "name": "internalase-route",
                "next_hop_in_ip_address": "",
                "next_hop_type": "Internet"
              }
            ],
            "subnets": [
              "/subscriptions/29474c73-cd93-48f0-80ee-9577a54e2227/resourceGroups/duploinfra-demo/providers/Microsoft.Network/virtualNetworks/demo/subnets/internalase"
            ],
            "tags": {
              "duplo-project": "azdemo1",
              "finalcheck": "val1",
              "vm-spl-tag2": "tenant-val"
            },
            "timeouts": {
              "create": null,
              "delete": null,
              "read": null,
              "update": null
            },
            "tf_resource_type": "azurerm_route_table",
            "tf_resource_var_name": "internalase-route-table"
          },
          "private": "eyJlMmJmYjczMC1lY2FhLTExZTYtOGY4OC0zNDM2M2JjN2M0YzAiOnsiY3JlYXRlIjoxODAwMDAwMDAwMDAwLCJkZWxldGUiOjE4MDAwMDAwMDAwMDAsInJlYWQiOjMwMDAwMDAwMDAwMCwidXBkYXRlIjoxODAwMDAwMDAwMDAwfSwic2NoZW1hX3ZlcnNpb24iOiIwIn0="
        }
      ]
    },
    {
      "mode": "managed",
      "type": "azurerm_route_table",
      "name": "rt-azure-managed",
      "provider": "provider[\"registry.terraform.io/hashicorp/azurerm\"]",
      "instances": [
        {
          "schema_version": 0,
          "attributes": {
            "disable_bgp_route_propagation": false,
            "id": "/subscriptions/29474c73-cd93-48f0-80ee-9577a54e2227/resourceGroups/duploservices-azdemo1/providers/Microsoft.Network/routeTables/rt-azure-managed",
            "location": "westus2",
            "name": "rt-azure-managed",
            "resource_group_name": "duploservices-azdemo1",
            "route": [
              {
                "address_prefix": "65.55.188.0/24",
                "name": "SqlManagement_0",
                "next_hop_in_ip_address": "",
                "next_hop_type": "Internet"
              },
              {
                "address_prefix": "207.68.190.32/27",
                "name": "SqlManagement_1",
                "next_hop_in_ip_address": "",
                "next_hop_type": "Internet"
              },
              {
                "address_prefix": "13.106.78.32/27",
                "name": "SqlManagement_2",
                "next_hop_in_ip_address": "",
                "next_hop_type": "Internet"
              },
              {
                "address_prefix": "13.106.174.32/27",
                "name": "SqlManagement_3",
                "next_hop_in_ip_address": "",
                "next_hop_type": "Internet"
              },
              {
                "address_prefix": "13.106.4.96/27",
                "name": "SqlManagement_4",
                "next_hop_in_ip_address": "",
                "next_hop_type": "Internet"
              },
              {
                "address_prefix": "104.214.108.80/32",
                "name": "SqlManagement_5",
                "next_hop_in_ip_address": "",
                "next_hop_type": "Internet"
              },
              {
                "address_prefix": "52.179.184.76/32",
                "name": "SqlManagement_6",
                "next_hop_in_ip_address": "",
                "next_hop_type": "Internet"
              },
              {
                "address_prefix": "52.187.116.202/32",
                "name": "SqlManagement_7",
                "next_hop_in_ip_address": "",
                "next_hop_type": "Internet"
              },
              {
                "address_prefix": "52.177.202.6/32",
                "name": "SqlManagement_8",
                "next_hop_in_ip_address": "",
                "next_hop_type": "Internet"
              },
              {
                "address_prefix": "13.66.226.202/32",
                "name": "SqlManagement_9",
                "next_hop_in_ip_address": "",
                "next_hop_type": "Internet"
              },
              {
                "address_prefix": "13.66.140.96/27",
                "name": "SqlManagement_10",
                "next_hop_in_ip_address": "",
                "next_hop_type": "Internet"
              },
              {
                "address_prefix": "40.78.242.192/27",
                "name": "SqlManagement_11",
                "next_hop_in_ip_address": "",
                "next_hop_type": "Internet"
              },
              {
                "address_prefix": "40.78.250.128/27",
                "name": "SqlManagement_12",
                "next_hop_in_ip_address": "",
                "next_hop_type": "Internet"
              },
              {
                "address_prefix": "13.78.181.246/32",
                "name": "SqlManagement_13",
                "next_hop_in_ip_address": "",
                "next_hop_type": "Internet"
              },
              {
                "address_prefix": "40.65.124.161/32",
                "name": "SqlManagement_14",
                "next_hop_in_ip_address": "",
                "next_hop_type": "Internet"
              },
              {
                "address_prefix": "13.66.230.240/32",
                "name": "SqlManagement_15",
                "next_hop_in_ip_address": "",
                "next_hop_type": "Internet"
              },
              {
                "address_prefix": "104.40.19.34/32",
                "name": "SqlManagement_16",
                "next_hop_in_ip_address": "",
                "next_hop_type": "Internet"
              },
              {
                "address_prefix": "10.50.10.0/24",
                "name": "Microsoft.Sql-managedInstances_UseOnly_subnet-10-50-10-0-24-to-vnetlocal",
                "next_hop_in_ip_address": "",
                "next_hop_type": "VnetLocal"
              },
              {
                "address_prefix": "13.64.0.0/11",
                "name": "Microsoft.Sql-managedInstances_UseOnly_mi-13-64-11-nexthop-internet",
                "next_hop_in_ip_address": "",
                "next_hop_type": "Internet"
              },
              {
                "address_prefix": "13.104.0.0/14",
                "name": "Microsoft.Sql-managedInstances_UseOnly_mi-13-104-14-nexthop-internet",
                "next_hop_in_ip_address": "",
                "next_hop_type": "Internet"
              },
              {
                "address_prefix": "20.33.0.0/16",
                "name": "Microsoft.Sql-managedInstances_UseOnly_mi-20-33-16-nexthop-internet",
                "next_hop_in_ip_address": "",
                "next_hop_type": "Internet"
              },
              {
                "address_prefix": "20.34.0.0/15",
                "name": "Microsoft.Sql-managedInstances_UseOnly_mi-20-34-15-nexthop-internet",
                "next_hop_in_ip_address": "",
                "next_hop_type": "Internet"
              },
              {
                "address_prefix": "20.36.0.0/14",
                "name": "Microsoft.Sql-managedInstances_UseOnly_mi-20-36-14-nexthop-internet",
                "next_hop_in_ip_address": "",
                "next_hop_type": "Internet"
              },
              {
                "address_prefix": "20.40.0.0/13",
                "name": "Microsoft.Sql-managedInstances_UseOnly_mi-20-40-13-nexthop-internet",
                "next_hop_in_ip_address": "",
                "next_hop_type": "Internet"
              },
              {
                "address_prefix": "20.48.0.0/12",
                "name": "Microsoft.Sql-managedInstances_UseOnly_mi-20-48-12-nexthop-internet",
                "next_hop_in_ip_address": "",
                "next_hop_type": "Internet"
              },
              {
                "address_prefix": "20.64.0.0/10",
                "name": "Microsoft.Sql-managedInstances_UseOnly_mi-20-64-10-nexthop-internet",
                "next_hop_in_ip_address": "",
                "next_hop_type": "Internet"
              },
              {
                "address_prefix": "20.128.0.0/16",
                "name": "Microsoft.Sql-managedInstances_UseOnly_mi-20-128-16-nexthop-internet",
                "next_hop_in_ip_address": "",
                "next_hop_type": "Internet"
              },
              {
                "address_prefix": "20.135.0.0/16",
                "name": "Microsoft.Sql-managedInstances_UseOnly_mi-20-135-16-nexthop-internet",
                "next_hop_in_ip_address": "",
                "next_hop_type": "Internet"
              },
              {
                "address_prefix": "20.136.0.0/16",
                "name": "Microsoft.Sql-managedInstances_UseOnly_mi-20-136-16-nexthop-internet",
                "next_hop_in_ip_address": "",
                "next_hop_type": "Internet"
              },
              {
                "address_prefix": "20.140.0.0/15",
                "name": "Microsoft.Sql-managedInstances_UseOnly_mi-20-140-15-nexthop-internet",
                "next_hop_in_ip_address": "",
                "next_hop_type": "Internet"
              },
              {
                "address_prefix": "20.143.0.0/16",
                "name": "Microsoft.Sql-managedInstances_UseOnly_mi-20-143-16-nexthop-internet",
                "next_hop_in_ip_address": "",
                "next_hop_type": "Internet"
              },
              {
                "address_prefix": "20.144.0.0/14",
                "name": "Microsoft.Sql-managedInstances_UseOnly_mi-20-144-14-nexthop-internet",
                "next_hop_in_ip_address": "",
                "next_hop_type": "Internet"
              },
              {
                "address_prefix": "20.150.0.0/15",
                "name": "Microsoft.Sql-managedInstances_UseOnly_mi-20-150-15-nexthop-internet",
                "next_hop_in_ip_address": "",
                "next_hop_type": "Internet"
              },
              {
                "address_prefix": "20.160.0.0/12",
                "name": "Microsoft.Sql-managedInstances_UseOnly_mi-20-160-12-nexthop-internet",
                "next_hop_in_ip_address": "",
                "next_hop_type": "Internet"
              },
              {
                "address_prefix": "20.176.0.0/14",
                "name": "Microsoft.Sql-managedInstances_UseOnly_mi-20-176-14-nexthop-internet",
                "next_hop_in_ip_address": "",
                "next_hop_type": "Internet"
              },
              {
                "address_prefix": "20.180.0.0/14",
                "name": "Microsoft.Sql-managedInstances_UseOnly_mi-20-180-14-nexthop-internet",
                "next_hop_in_ip_address": "",
                "next_hop_type": "Internet"
              },
              {
                "address_prefix": "20.184.0.0/13",
                "name": "Microsoft.Sql-managedInstances_UseOnly_mi-20-184-13-nexthop-internet",
                "next_hop_in_ip_address": "",
                "next_hop_type": "Internet"
              },
              {
                "address_prefix": "20.192.0.0/10",
                "name": "Microsoft.Sql-managedInstances_UseOnly_mi-20-192-10-nexthop-internet",
                "next_hop_in_ip_address": "",
                "next_hop_type": "Internet"
              },
              {
                "address_prefix": "40.64.0.0/10",
                "name": "Microsoft.Sql-managedInstances_UseOnly_mi-40-64-10-nexthop-internet",
                "next_hop_in_ip_address": "",
                "next_hop_type": "Internet"
              },
              {
                "address_prefix": "51.4.0.0/15",
                "name": "Microsoft.Sql-managedInstances_UseOnly_mi-51-4-15-nexthop-internet",
                "next_hop_in_ip_address": "",
                "next_hop_type": "Internet"
              },
              {
                "address_prefix": "51.8.0.0/16",
                "name": "Microsoft.Sql-managedInstances_UseOnly_mi-51-8-16-nexthop-internet",
                "next_hop_in_ip_address": "",
                "next_hop_type": "Internet"
              },
              {
                "address_prefix": "51.10.0.0/15",
                "name": "Microsoft.Sql-managedInstances_UseOnly_mi-51-10-15-nexthop-internet",
                "next_hop_in_ip_address": "",
                "next_hop_type": "Internet"
              },
              {
                "address_prefix": "51.18.0.0/16",
                "name": "Microsoft.Sql-managedInstances_UseOnly_mi-51-18-16-nexthop-internet",
                "next_hop_in_ip_address": "",
                "next_hop_type": "Internet"
              },
              {
                "address_prefix": "51.51.0.0/16",
                "name": "Microsoft.Sql-managedInstances_UseOnly_mi-51-51-16-nexthop-internet",
                "next_hop_in_ip_address": "",
                "next_hop_type": "Internet"
              },
              {
                "address_prefix": "51.53.0.0/16",
                "name": "Microsoft.Sql-managedInstances_UseOnly_mi-51-53-16-nexthop-internet",
                "next_hop_in_ip_address": "",
                "next_hop_type": "Internet"
              },
              {
                "address_prefix": "51.103.0.0/16",
                "name": "Microsoft.Sql-managedInstances_UseOnly_mi-51-103-16-nexthop-internet",
                "next_hop_in_ip_address": "",
                "next_hop_type": "Internet"
              },
              {
                "address_prefix": "51.104.0.0/15",
                "name": "Microsoft.Sql-managedInstances_UseOnly_mi-51-104-15-nexthop-internet",
                "next_hop_in_ip_address": "",
                "next_hop_type": "Internet"
              },
              {
                "address_prefix": "51.132.0.0/16",
                "name": "Microsoft.Sql-managedInstances_UseOnly_mi-51-132-16-nexthop-internet",
                "next_hop_in_ip_address": "",
                "next_hop_type": "Internet"
              },
              {
                "address_prefix": "51.136.0.0/15",
                "name": "Microsoft.Sql-managedInstances_UseOnly_mi-51-136-15-nexthop-internet",
                "next_hop_in_ip_address": "",
                "next_hop_type": "Internet"
              },
              {
                "address_prefix": "51.138.0.0/16",
                "name": "Microsoft.Sql-managedInstances_UseOnly_mi-51-138-16-nexthop-internet",
                "next_hop_in_ip_address": "",
                "next_hop_type": "Internet"
              },
              {
                "address_prefix": "51.140.0.0/14",
                "name": "Microsoft.Sql-managedInstances_UseOnly_mi-51-140-14-nexthop-internet",
                "next_hop_in_ip_address": "",
                "next_hop_type": "Internet"
              },
              {
                "address_prefix": "51.144.0.0/15",
                "name": "Microsoft.Sql-managedInstances_UseOnly_mi-51-144-15-nexthop-internet",
                "next_hop_in_ip_address": "",
                "next_hop_type": "Internet"
              },
              {
                "address_prefix": "52.96.0.0/12",
                "name": "Microsoft.Sql-managedInstances_UseOnly_mi-52-96-12-nexthop-internet",
                "next_hop_in_ip_address": "",
                "next_hop_type": "Internet"
              },
              {
                "address_prefix": "52.112.0.0/14",
                "name": "Microsoft.Sql-managedInstances_UseOnly_mi-52-112-14-nexthop-internet",
                "next_hop_in_ip_address": "",
                "next_hop_type": "Internet"
              },
              {
                "address_prefix": "52.125.0.0/16",
                "name": "Microsoft.Sql-managedInstances_UseOnly_mi-52-125-16-nexthop-internet",
                "next_hop_in_ip_address": "",
                "next_hop_type": "Internet"
              },
              {
                "address_prefix": "52.126.0.0/15",
                "name": "Microsoft.Sql-managedInstances_UseOnly_mi-52-126-15-nexthop-internet",
                "next_hop_in_ip_address": "",
                "next_hop_type": "Internet"
              },
              {
                "address_prefix": "52.130.0.0/15",
                "name": "Microsoft.Sql-managedInstances_UseOnly_mi-52-130-15-nexthop-internet",
                "next_hop_in_ip_address": "",
                "next_hop_type": "Internet"
              },
              {
                "address_prefix": "52.132.0.0/14",
                "name": "Microsoft.Sql-managedInstances_UseOnly_mi-52-132-14-nexthop-internet",
                "next_hop_in_ip_address": "",
                "next_hop_type": "Internet"
              },
              {
                "address_prefix": "52.136.0.0/13",
                "name": "Microsoft.Sql-managedInstances_UseOnly_mi-52-136-13-nexthop-internet",
                "next_hop_in_ip_address": "",
                "next_hop_type": "Internet"
              },
              {
                "address_prefix": "52.145.0.0/16",
                "name": "Microsoft.Sql-managedInstances_UseOnly_mi-52-145-16-nexthop-internet",
                "next_hop_in_ip_address": "",
                "next_hop_type": "Internet"
              },
              {
                "address_prefix": "52.146.0.0/15",
                "name": "Microsoft.Sql-managedInstances_UseOnly_mi-52-146-15-nexthop-internet",
                "next_hop_in_ip_address": "",
                "next_hop_type": "Internet"
              },
              {
                "address_prefix": "52.148.0.0/14",
                "name": "Microsoft.Sql-managedInstances_UseOnly_mi-52-148-14-nexthop-internet",
                "next_hop_in_ip_address": "",
                "next_hop_type": "Internet"
              },
              {
                "address_prefix": "52.152.0.0/13",
                "name": "Microsoft.Sql-managedInstances_UseOnly_mi-52-152-13-nexthop-internet",
                "next_hop_in_ip_address": "",
                "next_hop_type": "Internet"
              },
              {
                "address_prefix": "52.160.0.0/11",
                "name": "Microsoft.Sql-managedInstances_UseOnly_mi-52-160-11-nexthop-internet",
                "next_hop_in_ip_address": "",
                "next_hop_type": "Internet"
              },
              {
                "address_prefix": "52.224.0.0/11",
                "name": "Microsoft.Sql-managedInstances_UseOnly_mi-52-224-11-nexthop-internet",
                "next_hop_in_ip_address": "",
                "next_hop_type": "Internet"
              },
              {
                "address_prefix": "64.4.0.0/18",
                "name": "Microsoft.Sql-managedInstances_UseOnly_mi-64-4-18-nexthop-internet",
                "next_hop_in_ip_address": "",
                "next_hop_type": "Internet"
              },
              {
                "address_prefix": "65.52.0.0/14",
                "name": "Microsoft.Sql-managedInstances_UseOnly_mi-65-52-14-nexthop-internet",
                "next_hop_in_ip_address": "",
                "next_hop_type": "Internet"
              },
              {
                "address_prefix": "66.119.144.0/20",
                "name": "Microsoft.Sql-managedInstances_UseOnly_mi-66-119-144-20-nexthop-internet",
                "next_hop_in_ip_address": "",
                "next_hop_type": "Internet"
              },
              {
                "address_prefix": "70.37.0.0/17",
                "name": "Microsoft.Sql-managedInstances_UseOnly_mi-70-37-17-nexthop-internet",
                "next_hop_in_ip_address": "",
                "next_hop_type": "Internet"
              },
              {
                "address_prefix": "70.37.128.0/18",
                "name": "Microsoft.Sql-managedInstances_UseOnly_mi-70-37-128-18-nexthop-internet",
                "next_hop_in_ip_address": "",
                "next_hop_type": "Internet"
              },
              {
                "address_prefix": "91.190.216.0/21",
                "name": "Microsoft.Sql-managedInstances_UseOnly_mi-91-190-216-21-nexthop-internet",
                "next_hop_in_ip_address": "",
                "next_hop_type": "Internet"
              },
              {
                "address_prefix": "94.245.64.0/18",
                "name": "Microsoft.Sql-managedInstances_UseOnly_mi-94-245-64-18-nexthop-internet",
                "next_hop_in_ip_address": "",
                "next_hop_type": "Internet"
              },
              {
                "address_prefix": "103.9.8.0/22",
                "name": "Microsoft.Sql-managedInstances_UseOnly_mi-103-9-8-22-nexthop-internet",
                "next_hop_in_ip_address": "",
                "next_hop_type": "Internet"
              },
              {
                "address_prefix": "103.25.156.0/24",
                "name": "Microsoft.Sql-managedInstances_UseOnly_mi-103-25-156-24-nexthop-internet",
                "next_hop_in_ip_address": "",
                "next_hop_type": "Internet"
              },
              {
                "address_prefix": "103.25.157.0/24",
                "name": "Microsoft.Sql-managedInstances_UseOnly_mi-103-25-157-24-nexthop-internet",
                "next_hop_in_ip_address": "",
                "next_hop_type": "Internet"
              },
              {
                "address_prefix": "103.25.158.0/23",
                "name": "Microsoft.Sql-managedInstances_UseOnly_mi-103-25-158-23-nexthop-internet",
                "next_hop_in_ip_address": "",
                "next_hop_type": "Internet"
              },
              {
                "address_prefix": "103.36.96.0/22",
                "name": "Microsoft.Sql-managedInstances_UseOnly_mi-103-36-96-22-nexthop-internet",
                "next_hop_in_ip_address": "",
                "next_hop_type": "Internet"
              },
              {
                "address_prefix": "103.255.140.0/22",
                "name": "Microsoft.Sql-managedInstances_UseOnly_mi-103-255-140-22-nexthop-internet",
                "next_hop_in_ip_address": "",
                "next_hop_type": "Internet"
              },
              {
                "address_prefix": "104.40.0.0/13",
                "name": "Microsoft.Sql-managedInstances_UseOnly_mi-104-40-13-nexthop-internet",
                "next_hop_in_ip_address": "",
                "next_hop_type": "Internet"
              },
              {
                "address_prefix": "104.146.0.0/15",
                "name": "Microsoft.Sql-managedInstances_UseOnly_mi-104-146-15-nexthop-internet",
                "next_hop_in_ip_address": "",
                "next_hop_type": "Internet"
              },
              {
                "address_prefix": "104.208.0.0/13",
                "name": "Microsoft.Sql-managedInstances_UseOnly_mi-104-208-13-nexthop-internet",
                "next_hop_in_ip_address": "",
                "next_hop_type": "Internet"
              },
              {
                "address_prefix": "111.221.16.0/20",
                "name": "Microsoft.Sql-managedInstances_UseOnly_mi-111-221-16-20-nexthop-internet",
                "next_hop_in_ip_address": "",
                "next_hop_type": "Internet"
              },
              {
                "address_prefix": "111.221.64.0/18",
                "name": "Microsoft.Sql-managedInstances_UseOnly_mi-111-221-64-18-nexthop-internet",
                "next_hop_in_ip_address": "",
                "next_hop_type": "Internet"
              },
              {
                "address_prefix": "129.75.0.0/16",
                "name": "Microsoft.Sql-managedInstances_UseOnly_mi-129-75-16-nexthop-internet",
                "next_hop_in_ip_address": "",
                "next_hop_type": "Internet"
              },
              {
                "address_prefix": "131.107.0.0/16",
                "name": "Microsoft.Sql-managedInstances_UseOnly_mi-131-107-16-nexthop-internet",
                "next_hop_in_ip_address": "",
                "next_hop_type": "Internet"
              },
              {
                "address_prefix": "131.253.1.0/24",
                "name": "Microsoft.Sql-managedInstances_UseOnly_mi-131-253-1-24-nexthop-internet",
                "next_hop_in_ip_address": "",
                "next_hop_type": "Internet"
              },
              {
                "address_prefix": "131.253.3.0/24",
                "name": "Microsoft.Sql-managedInstances_UseOnly_mi-131-253-3-24-nexthop-internet",
                "next_hop_in_ip_address": "",
                "next_hop_type": "Internet"
              },
              {
                "address_prefix": "131.253.5.0/24",
                "name": "Microsoft.Sql-managedInstances_UseOnly_mi-131-253-5-24-nexthop-internet",
                "next_hop_in_ip_address": "",
                "next_hop_type": "Internet"
              },
              {
                "address_prefix": "131.253.6.0/24",
                "name": "Microsoft.Sql-managedInstances_UseOnly_mi-131-253-6-24-nexthop-internet",
                "next_hop_in_ip_address": "",
                "next_hop_type": "Internet"
              },
              {
                "address_prefix": "131.253.8.0/24",
                "name": "Microsoft.Sql-managedInstances_UseOnly_mi-131-253-8-24-nexthop-internet",
                "next_hop_in_ip_address": "",
                "next_hop_type": "Internet"
              },
              {
                "address_prefix": "131.253.12.0/22",
                "name": "Microsoft.Sql-managedInstances_UseOnly_mi-131-253-12-22-nexthop-internet",
                "next_hop_in_ip_address": "",
                "next_hop_type": "Internet"
              },
              {
                "address_prefix": "131.253.16.0/23",
                "name": "Microsoft.Sql-managedInstances_UseOnly_mi-131-253-16-23-nexthop-internet",
                "next_hop_in_ip_address": "",
                "next_hop_type": "Internet"
              },
              {
                "address_prefix": "131.253.18.0/24",
                "name": "Microsoft.Sql-managedInstances_UseOnly_mi-131-253-18-24-nexthop-internet",
                "next_hop_in_ip_address": "",
                "next_hop_type": "Internet"
              },
              {
                "address_prefix": "131.253.21.0/24",
                "name": "Microsoft.Sql-managedInstances_UseOnly_mi-131-253-21-24-nexthop-internet",
                "next_hop_in_ip_address": "",
                "next_hop_type": "Internet"
              },
              {
                "address_prefix": "131.253.22.0/23",
                "name": "Microsoft.Sql-managedInstances_UseOnly_mi-131-253-22-23-nexthop-internet",
                "next_hop_in_ip_address": "",
                "next_hop_type": "Internet"
              },
              {
                "address_prefix": "131.253.24.0/21",
                "name": "Microsoft.Sql-managedInstances_UseOnly_mi-131-253-24-21-nexthop-internet",
                "next_hop_in_ip_address": "",
                "next_hop_type": "Internet"
              },
              {
                "address_prefix": "131.253.32.0/20",
                "name": "Microsoft.Sql-managedInstances_UseOnly_mi-131-253-32-20-nexthop-internet",
                "next_hop_in_ip_address": "",
                "next_hop_type": "Internet"
              },
              {
                "address_prefix": "131.253.61.0/24",
                "name": "Microsoft.Sql-managedInstances_UseOnly_mi-131-253-61-24-nexthop-internet",
                "next_hop_in_ip_address": "",
                "next_hop_type": "Internet"
              },
              {
                "address_prefix": "131.253.62.0/23",
                "name": "Microsoft.Sql-managedInstances_UseOnly_mi-131-253-62-23-nexthop-internet",
                "next_hop_in_ip_address": "",
                "next_hop_type": "Internet"
              },
              {
                "address_prefix": "131.253.64.0/18",
                "name": "Microsoft.Sql-managedInstances_UseOnly_mi-131-253-64-18-nexthop-internet",
                "next_hop_in_ip_address": "",
                "next_hop_type": "Internet"
              },
              {
                "address_prefix": "131.253.128.0/17",
                "name": "Microsoft.Sql-managedInstances_UseOnly_mi-131-253-128-17-nexthop-internet",
                "next_hop_in_ip_address": "",
                "next_hop_type": "Internet"
              },
              {
                "address_prefix": "132.245.0.0/16",
                "name": "Microsoft.Sql-managedInstances_UseOnly_mi-132-245-16-nexthop-internet",
                "next_hop_in_ip_address": "",
                "next_hop_type": "Internet"
              },
              {
                "address_prefix": "134.170.0.0/16",
                "name": "Microsoft.Sql-managedInstances_UseOnly_mi-134-170-16-nexthop-internet",
                "next_hop_in_ip_address": "",
                "next_hop_type": "Internet"
              },
              {
                "address_prefix": "134.177.0.0/16",
                "name": "Microsoft.Sql-managedInstances_UseOnly_mi-134-177-16-nexthop-internet",
                "next_hop_in_ip_address": "",
                "next_hop_type": "Internet"
              },
              {
                "address_prefix": "137.116.0.0/15",
                "name": "Microsoft.Sql-managedInstances_UseOnly_mi-137-116-15-nexthop-internet",
                "next_hop_in_ip_address": "",
                "next_hop_type": "Internet"
              },
              {
                "address_prefix": "137.135.0.0/16",
                "name": "Microsoft.Sql-managedInstances_UseOnly_mi-137-135-16-nexthop-internet",
                "next_hop_in_ip_address": "",
                "next_hop_type": "Internet"
              },
              {
                "address_prefix": "138.91.0.0/16",
                "name": "Microsoft.Sql-managedInstances_UseOnly_mi-138-91-16-nexthop-internet",
                "next_hop_in_ip_address": "",
                "next_hop_type": "Internet"
              },
              {
                "address_prefix": "138.196.0.0/16",
                "name": "Microsoft.Sql-managedInstances_UseOnly_mi-138-196-16-nexthop-internet",
                "next_hop_in_ip_address": "",
                "next_hop_type": "Internet"
              },
              {
                "address_prefix": "139.217.0.0/16",
                "name": "Microsoft.Sql-managedInstances_UseOnly_mi-139-217-16-nexthop-internet",
                "next_hop_in_ip_address": "",
                "next_hop_type": "Internet"
              },
              {
                "address_prefix": "139.219.0.0/16",
                "name": "Microsoft.Sql-managedInstances_UseOnly_mi-139-219-16-nexthop-internet",
                "next_hop_in_ip_address": "",
                "next_hop_type": "Internet"
              },
              {
                "address_prefix": "141.251.0.0/16",
                "name": "Microsoft.Sql-managedInstances_UseOnly_mi-141-251-16-nexthop-internet",
                "next_hop_in_ip_address": "",
                "next_hop_type": "Internet"
              },
              {
                "address_prefix": "146.147.0.0/16",
                "name": "Microsoft.Sql-managedInstances_UseOnly_mi-146-147-16-nexthop-internet",
                "next_hop_in_ip_address": "",
                "next_hop_type": "Internet"
              },
              {
                "address_prefix": "147.243.0.0/16",
                "name": "Microsoft.Sql-managedInstances_UseOnly_mi-147-243-16-nexthop-internet",
                "next_hop_in_ip_address": "",
                "next_hop_type": "Internet"
              },
              {
                "address_prefix": "150.171.0.0/16",
                "name": "Microsoft.Sql-managedInstances_UseOnly_mi-150-171-16-nexthop-internet",
                "next_hop_in_ip_address": "",
                "next_hop_type": "Internet"
              },
              {
                "address_prefix": "150.242.48.0/22",
                "name": "Microsoft.Sql-managedInstances_UseOnly_mi-150-242-48-22-nexthop-internet",
                "next_hop_in_ip_address": "",
                "next_hop_type": "Internet"
              },
              {
                "address_prefix": "157.54.0.0/15",
                "name": "Microsoft.Sql-managedInstances_UseOnly_mi-157-54-15-nexthop-internet",
                "next_hop_in_ip_address": "",
                "next_hop_type": "Internet"
              },
              {
                "address_prefix": "157.56.0.0/14",
                "name": "Microsoft.Sql-managedInstances_UseOnly_mi-157-56-14-nexthop-internet",
                "next_hop_in_ip_address": "",
                "next_hop_type": "Internet"
              },
              {
                "address_prefix": "157.60.0.0/16",
                "name": "Microsoft.Sql-managedInstances_UseOnly_mi-157-60-16-nexthop-internet",
                "next_hop_in_ip_address": "",
                "next_hop_type": "Internet"
              },
              {
                "address_prefix": "167.105.0.0/16",
                "name": "Microsoft.Sql-managedInstances_UseOnly_mi-167-105-16-nexthop-internet",
                "next_hop_in_ip_address": "",
                "next_hop_type": "Internet"
              },
              {
                "address_prefix": "167.220.0.0/16",
                "name": "Microsoft.Sql-managedInstances_UseOnly_mi-167-220-16-nexthop-internet",
                "next_hop_in_ip_address": "",
                "next_hop_type": "Internet"
              },
              {
                "address_prefix": "168.61.0.0/16",
                "name": "Microsoft.Sql-managedInstances_UseOnly_mi-168-61-16-nexthop-internet",
                "next_hop_in_ip_address": "",
                "next_hop_type": "Internet"
              },
              {
                "address_prefix": "168.62.0.0/15",
                "name": "Microsoft.Sql-managedInstances_UseOnly_mi-168-62-15-nexthop-internet",
                "next_hop_in_ip_address": "",
                "next_hop_type": "Internet"
              },
              {
                "address_prefix": "191.232.0.0/13",
                "name": "Microsoft.Sql-managedInstances_UseOnly_mi-191-232-13-nexthop-internet",
                "next_hop_in_ip_address": "",
                "next_hop_type": "Internet"
              },
              {
                "address_prefix": "192.32.0.0/16",
                "name": "Microsoft.Sql-managedInstances_UseOnly_mi-192-32-16-nexthop-internet",
                "next_hop_in_ip_address": "",
                "next_hop_type": "Internet"
              },
              {
                "address_prefix": "192.48.225.0/24",
                "name": "Microsoft.Sql-managedInstances_UseOnly_mi-192-48-225-24-nexthop-internet",
                "next_hop_in_ip_address": "",
                "next_hop_type": "Internet"
              },
              {
                "address_prefix": "192.84.159.0/24",
                "name": "Microsoft.Sql-managedInstances_UseOnly_mi-192-84-159-24-nexthop-internet",
                "next_hop_in_ip_address": "",
                "next_hop_type": "Internet"
              },
              {
                "address_prefix": "192.84.160.0/23",
                "name": "Microsoft.Sql-managedInstances_UseOnly_mi-192-84-160-23-nexthop-internet",
                "next_hop_in_ip_address": "",
                "next_hop_type": "Internet"
              },
              {
                "address_prefix": "192.197.157.0/24",
                "name": "Microsoft.Sql-managedInstances_UseOnly_mi-192-197-157-24-nexthop-internet",
                "next_hop_in_ip_address": "",
                "next_hop_type": "Internet"
              },
              {
                "address_prefix": "193.149.64.0/19",
                "name": "Microsoft.Sql-managedInstances_UseOnly_mi-193-149-64-19-nexthop-internet",
                "next_hop_in_ip_address": "",
                "next_hop_type": "Internet"
              },
              {
                "address_prefix": "193.221.113.0/24",
                "name": "Microsoft.Sql-managedInstances_UseOnly_mi-193-221-113-24-nexthop-internet",
                "next_hop_in_ip_address": "",
                "next_hop_type": "Internet"
              },
              {
                "address_prefix": "194.69.96.0/19",
                "name": "Microsoft.Sql-managedInstances_UseOnly_mi-194-69-96-19-nexthop-internet",
                "next_hop_in_ip_address": "",
                "next_hop_type": "Internet"
              },
              {
                "address_prefix": "194.110.197.0/24",
                "name": "Microsoft.Sql-managedInstances_UseOnly_mi-194-110-197-24-nexthop-internet",
                "next_hop_in_ip_address": "",
                "next_hop_type": "Internet"
              },
              {
                "address_prefix": "198.105.232.0/22",
                "name": "Microsoft.Sql-managedInstances_UseOnly_mi-198-105-232-22-nexthop-internet",
                "next_hop_in_ip_address": "",
                "next_hop_type": "Internet"
              },
              {
                "address_prefix": "198.200.130.0/24",
                "name": "Microsoft.Sql-managedInstances_UseOnly_mi-198-200-130-24-nexthop-internet",
                "next_hop_in_ip_address": "",
                "next_hop_type": "Internet"
              },
              {
                "address_prefix": "198.206.164.0/24",
                "name": "Microsoft.Sql-managedInstances_UseOnly_mi-198-206-164-24-nexthop-internet",
                "next_hop_in_ip_address": "",
                "next_hop_type": "Internet"
              },
              {
                "address_prefix": "199.60.28.0/24",
                "name": "Microsoft.Sql-managedInstances_UseOnly_mi-199-60-28-24-nexthop-internet",
                "next_hop_in_ip_address": "",
                "next_hop_type": "Internet"
              },
              {
                "address_prefix": "199.74.210.0/24",
                "name": "Microsoft.Sql-managedInstances_UseOnly_mi-199-74-210-24-nexthop-internet",
                "next_hop_in_ip_address": "",
                "next_hop_type": "Internet"
              },
              {
                "address_prefix": "199.103.90.0/23",
                "name": "Microsoft.Sql-managedInstances_UseOnly_mi-199-103-90-23-nexthop-internet",
                "next_hop_in_ip_address": "",
                "next_hop_type": "Internet"
              },
              {
                "address_prefix": "199.103.122.0/24",
                "name": "Microsoft.Sql-managedInstances_UseOnly_mi-199-103-122-24-nexthop-internet",
                "next_hop_in_ip_address": "",
                "next_hop_type": "Internet"
              },
              {
                "address_prefix": "199.242.32.0/20",
                "name": "Microsoft.Sql-managedInstances_UseOnly_mi-199-242-32-20-nexthop-internet",
                "next_hop_in_ip_address": "",
                "next_hop_type": "Internet"
              },
              {
                "address_prefix": "199.242.48.0/21",
                "name": "Microsoft.Sql-managedInstances_UseOnly_mi-199-242-48-21-nexthop-internet",
                "next_hop_in_ip_address": "",
                "next_hop_type": "Internet"
              },
              {
                "address_prefix": "202.89.224.0/20",
                "name": "Microsoft.Sql-managedInstances_UseOnly_mi-202-89-224-20-nexthop-internet",
                "next_hop_in_ip_address": "",
                "next_hop_type": "Internet"
              },
              {
                "address_prefix": "204.13.120.0/21",
                "name": "Microsoft.Sql-managedInstances_UseOnly_mi-204-13-120-21-nexthop-internet",
                "next_hop_in_ip_address": "",
                "next_hop_type": "Internet"
              },
              {
                "address_prefix": "204.14.180.0/22",
                "name": "Microsoft.Sql-managedInstances_UseOnly_mi-204-14-180-22-nexthop-internet",
                "next_hop_in_ip_address": "",
                "next_hop_type": "Internet"
              },
              {
                "address_prefix": "204.79.135.0/24",
                "name": "Microsoft.Sql-managedInstances_UseOnly_mi-204-79-135-24-nexthop-internet",
                "next_hop_in_ip_address": "",
                "next_hop_type": "Internet"
              },
              {
                "address_prefix": "204.79.179.0/24",
                "name": "Microsoft.Sql-managedInstances_UseOnly_mi-204-79-179-24-nexthop-internet",
                "next_hop_in_ip_address": "",
                "next_hop_type": "Internet"
              },
              {
                "address_prefix": "204.79.181.0/24",
                "name": "Microsoft.Sql-managedInstances_UseOnly_mi-204-79-181-24-nexthop-internet",
                "next_hop_in_ip_address": "",
                "next_hop_type": "Internet"
              },
              {
                "address_prefix": "204.79.188.0/24",
                "name": "Microsoft.Sql-managedInstances_UseOnly_mi-204-79-188-24-nexthop-internet",
                "next_hop_in_ip_address": "",
                "next_hop_type": "Internet"
              },
              {
                "address_prefix": "204.79.195.0/24",
                "name": "Microsoft.Sql-managedInstances_UseOnly_mi-204-79-195-24-nexthop-internet",
                "next_hop_in_ip_address": "",
                "next_hop_type": "Internet"
              },
              {
                "address_prefix": "204.79.196.0/23",
                "name": "Microsoft.Sql-managedInstances_UseOnly_mi-204-79-196-23-nexthop-internet",
                "next_hop_in_ip_address": "",
                "next_hop_type": "Internet"
              },
              {
                "address_prefix": "204.79.252.0/24",
                "name": "Microsoft.Sql-managedInstances_UseOnly_mi-204-79-252-24-nexthop-internet",
                "next_hop_in_ip_address": "",
                "next_hop_type": "Internet"
              },
              {
                "address_prefix": "204.152.18.0/23",
                "name": "Microsoft.Sql-managedInstances_UseOnly_mi-204-152-18-23-nexthop-internet",
                "next_hop_in_ip_address": "",
                "next_hop_type": "Internet"
              },
              {
                "address_prefix": "204.152.140.0/23",
                "name": "Microsoft.Sql-managedInstances_UseOnly_mi-204-152-140-23-nexthop-internet",
                "next_hop_in_ip_address": "",
                "next_hop_type": "Internet"
              },
              {
                "address_prefix": "204.231.192.0/24",
                "name": "Microsoft.Sql-managedInstances_UseOnly_mi-204-231-192-24-nexthop-internet",
                "next_hop_in_ip_address": "",
                "next_hop_type": "Internet"
              },
              {
                "address_prefix": "204.231.194.0/23",
                "name": "Microsoft.Sql-managedInstances_UseOnly_mi-204-231-194-23-nexthop-internet",
                "next_hop_in_ip_address": "",
                "next_hop_type": "Internet"
              },
              {
                "address_prefix": "204.231.197.0/24",
                "name": "Microsoft.Sql-managedInstances_UseOnly_mi-204-231-197-24-nexthop-internet",
                "next_hop_in_ip_address": "",
                "next_hop_type": "Internet"
              },
              {
                "address_prefix": "204.231.198.0/23",
                "name": "Microsoft.Sql-managedInstances_UseOnly_mi-204-231-198-23-nexthop-internet",
                "next_hop_in_ip_address": "",
                "next_hop_type": "Internet"
              },
              {
                "address_prefix": "204.231.200.0/21",
                "name": "Microsoft.Sql-managedInstances_UseOnly_mi-204-231-200-21-nexthop-internet",
                "next_hop_in_ip_address": "",
                "next_hop_type": "Internet"
              },
              {
                "address_prefix": "204.231.208.0/20",
                "name": "Microsoft.Sql-managedInstances_UseOnly_mi-204-231-208-20-nexthop-internet",
                "next_hop_in_ip_address": "",
                "next_hop_type": "Internet"
              },
              {
                "address_prefix": "204.231.236.0/24",
                "name": "Microsoft.Sql-managedInstances_UseOnly_mi-204-231-236-24-nexthop-internet",
                "next_hop_in_ip_address": "",
                "next_hop_type": "Internet"
              },
              {
                "address_prefix": "205.174.224.0/20",
                "name": "Microsoft.Sql-managedInstances_UseOnly_mi-205-174-224-20-nexthop-internet",
                "next_hop_in_ip_address": "",
                "next_hop_type": "Internet"
              },
              {
                "address_prefix": "206.138.168.0/21",
                "name": "Microsoft.Sql-managedInstances_UseOnly_mi-206-138-168-21-nexthop-internet",
                "next_hop_in_ip_address": "",
                "next_hop_type": "Internet"
              },
              {
                "address_prefix": "206.191.224.0/19",
                "name": "Microsoft.Sql-managedInstances_UseOnly_mi-206-191-224-19-nexthop-internet",
                "next_hop_in_ip_address": "",
                "next_hop_type": "Internet"
              },
              {
                "address_prefix": "207.46.0.0/16",
                "name": "Microsoft.Sql-managedInstances_UseOnly_mi-207-46-16-nexthop-internet",
                "next_hop_in_ip_address": "",
                "next_hop_type": "Internet"
              },
              {
                "address_prefix": "207.68.128.0/18",
                "name": "Microsoft.Sql-managedInstances_UseOnly_mi-207-68-128-18-nexthop-internet",
                "next_hop_in_ip_address": "",
                "next_hop_type": "Internet"
              },
              {
                "address_prefix": "208.68.136.0/21",
                "name": "Microsoft.Sql-managedInstances_UseOnly_mi-208-68-136-21-nexthop-internet",
                "next_hop_in_ip_address": "",
                "next_hop_type": "Internet"
              },
              {
                "address_prefix": "208.76.44.0/22",
                "name": "Microsoft.Sql-managedInstances_UseOnly_mi-208-76-44-22-nexthop-internet",
                "next_hop_in_ip_address": "",
                "next_hop_type": "Internet"
              },
              {
                "address_prefix": "208.84.0.0/21",
                "name": "Microsoft.Sql-managedInstances_UseOnly_mi-208-84-21-nexthop-internet",
                "next_hop_in_ip_address": "",
                "next_hop_type": "Internet"
              },
              {
                "address_prefix": "209.240.192.0/19",
                "name": "Microsoft.Sql-managedInstances_UseOnly_mi-209-240-192-19-nexthop-internet",
                "next_hop_in_ip_address": "",
                "next_hop_type": "Internet"
              },
              {
                "address_prefix": "213.199.128.0/18",
                "name": "Microsoft.Sql-managedInstances_UseOnly_mi-213-199-128-18-nexthop-internet",
                "next_hop_in_ip_address": "",
                "next_hop_type": "Internet"
              },
              {
                "address_prefix": "216.32.180.0/22",
                "name": "Microsoft.Sql-managedInstances_UseOnly_mi-216-32-180-22-nexthop-internet",
                "next_hop_in_ip_address": "",
                "next_hop_type": "Internet"
              },
              {
                "address_prefix": "216.220.208.0/20",
                "name": "Microsoft.Sql-managedInstances_UseOnly_mi-216-220-208-20-nexthop-internet",
                "next_hop_in_ip_address": "",
                "next_hop_type": "Internet"
              },
              {
                "address_prefix": "23.96.0.0/13",
                "name": "Microsoft.Sql-managedInstances_UseOnly_mi-23-96-13-nexthop-internet",
                "next_hop_in_ip_address": "",
                "next_hop_type": "Internet"
              },
              {
                "address_prefix": "42.159.0.0/16",
                "name": "Microsoft.Sql-managedInstances_UseOnly_mi-42-159-16-nexthop-internet",
                "next_hop_in_ip_address": "",
                "next_hop_type": "Internet"
              },
              {
                "address_prefix": "51.13.0.0/17",
                "name": "Microsoft.Sql-managedInstances_UseOnly_mi-51-13-17-nexthop-internet",
                "next_hop_in_ip_address": "",
                "next_hop_type": "Internet"
              },
              {
                "address_prefix": "51.107.0.0/16",
                "name": "Microsoft.Sql-managedInstances_UseOnly_mi-51-107-16-nexthop-internet",
                "next_hop_in_ip_address": "",
                "next_hop_type": "Internet"
              },
              {
                "address_prefix": "51.116.0.0/16",
                "name": "Microsoft.Sql-managedInstances_UseOnly_mi-51-116-16-nexthop-internet",
                "next_hop_in_ip_address": "",
                "next_hop_type": "Internet"
              },
              {
                "address_prefix": "51.120.0.0/16",
                "name": "Microsoft.Sql-managedInstances_UseOnly_mi-51-120-16-nexthop-internet",
                "next_hop_in_ip_address": "",
                "next_hop_type": "Internet"
              },
              {
                "address_prefix": "51.120.128.0/17",
                "name": "Microsoft.Sql-managedInstances_UseOnly_mi-51-120-128-17-nexthop-internet",
                "next_hop_in_ip_address": "",
                "next_hop_type": "Internet"
              },
              {
                "address_prefix": "51.124.0.0/16",
                "name": "Microsoft.Sql-managedInstances_UseOnly_mi-51-124-16-nexthop-internet",
                "next_hop_in_ip_address": "",
                "next_hop_type": "Internet"
              },
              {
                "address_prefix": "102.37.0.0/18",
                "name": "Microsoft.Sql-managedInstances_UseOnly_mi-102-37-18-nexthop-internet",
                "next_hop_in_ip_address": "",
                "next_hop_type": "Internet"
              },
              {
                "address_prefix": "102.133.0.0/16",
                "name": "Microsoft.Sql-managedInstances_UseOnly_mi-102-133-16-nexthop-internet",
                "next_hop_in_ip_address": "",
                "next_hop_type": "Internet"
              },
              {
                "address_prefix": "199.30.16.0/20",
                "name": "Microsoft.Sql-managedInstances_UseOnly_mi-199-30-16-20-nexthop-internet",
                "next_hop_in_ip_address": "",
                "next_hop_type": "Internet"
              },
              {
                "address_prefix": "204.79.180.0/24",
                "name": "Microsoft.Sql-managedInstances_UseOnly_mi-204-79-180-24-nexthop-internet",
                "next_hop_in_ip_address": "",
                "next_hop_type": "Internet"
              }
            ],
            "subnets": [
              "/subscriptions/29474c73-cd93-48f0-80ee-9577a54e2227/resourceGroups/duploinfra-demo/providers/Microsoft.Network/virtualNetworks/demo/subnets/duploinfra-azure-managed-sql"
            ],
            "tags": {
              "duplo-project": "azdemo1",
              "finalcheck": "val1",
              "vm-spl-tag2": "tenant-val"
            },
            "timeouts": {
              "create": null,
              "delete": null,
              "read": null,
              "update": null
            },
            "tf_resource_type": "azurerm_route_table",
            "tf_resource_var_name": "rt-azure-managed"
          },
          "private": "eyJlMmJmYjczMC1lY2FhLTExZTYtOGY4OC0zNDM2M2JjN2M0YzAiOnsiY3JlYXRlIjoxODAwMDAwMDAwMDAwLCJkZWxldGUiOjE4MDAwMDAwMDAwMDAsInJlYWQiOjMwMDAwMDAwMDAwMCwidXBkYXRlIjoxODAwMDAwMDAwMDAwfSwic2NoZW1hX3ZlcnNpb24iOiIwIn0="
        }
      ]
    },
    {
      "mode": "managed",
      "type": "azurerm_storage_account",
      "name": "duploazdemoacc1",
      "provider": "provider[\"registry.terraform.io/hashicorp/azurerm\"]",
      "instances": [
        {
          "schema_version": 2,
          "attributes": {
            "access_tier": "",
            "account_kind": "Storage",
            "account_replication_type": "LRS",
            "account_tier": "Standard",
            "allow_blob_public_access": false,
            "blob_properties": [],
            "custom_domain": [],
            "enable_https_traffic_only": false,
            "id": "/subscriptions/29474c73-cd93-48f0-80ee-9577a54e2227/resourceGroups/duploservices-azdemo1/providers/Microsoft.Storage/storageAccounts/duploazdemoacc1",
            "identity": [],
            "is_hns_enabled": false,
            "large_file_share_enabled": null,
            "location": "westus2",
            "min_tls_version": "TLS1_0",
            "name": "duploazdemoacc1",
            "network_rules": [
              {
                "bypass": [
                  "AzureServices"
                ],
                "default_action": "Allow",
                "ip_rules": [],
                "virtual_network_subnet_ids": []
              }
            ],
            "primary_access_key": "ETmH6YWOhevEimLmdHBfAElIulzIwdZVZry4/rrloanhnhcVHQ050zHyf7vKYz07F155cY9DuNs053ge99v/ww==",
            "primary_blob_connection_string": "DefaultEndpointsProtocol=https;BlobEndpoint=https://duploazdemoacc1.blob.core.windows.net/;AccountName=duploazdemoacc1;AccountKey=ETmH6YWOhevEimLmdHBfAElIulzIwdZVZry4/rrloanhnhcVHQ050zHyf7vKYz07F155cY9DuNs053ge99v/ww==",
            "primary_blob_endpoint": "https://duploazdemoacc1.blob.core.windows.net/",
            "primary_blob_host": "duploazdemoacc1.blob.core.windows.net",
            "primary_connection_string": "DefaultEndpointsProtocol=https;AccountName=duploazdemoacc1;AccountKey=ETmH6YWOhevEimLmdHBfAElIulzIwdZVZry4/rrloanhnhcVHQ050zHyf7vKYz07F155cY9DuNs053ge99v/ww==;EndpointSuffix=core.windows.net",
            "primary_dfs_endpoint": "",
            "primary_dfs_host": "",
            "primary_file_endpoint": "https://duploazdemoacc1.file.core.windows.net/",
            "primary_file_host": "duploazdemoacc1.file.core.windows.net",
            "primary_location": "westus2",
            "primary_queue_endpoint": "https://duploazdemoacc1.queue.core.windows.net/",
            "primary_queue_host": "duploazdemoacc1.queue.core.windows.net",
            "primary_table_endpoint": "https://duploazdemoacc1.table.core.windows.net/",
            "primary_table_host": "duploazdemoacc1.table.core.windows.net",
            "primary_web_endpoint": "",
            "primary_web_host": "",
            "queue_properties": [
              {
                "cors_rule": [],
                "hour_metrics": [
                  {
                    "enabled": true,
                    "include_apis": true,
                    "retention_policy_days": 7,
                    "version": "1.0"
                  }
                ],
                "logging": [
                  {
                    "delete": false,
                    "read": false,
                    "retention_policy_days": 0,
                    "version": "1.0",
                    "write": false
                  }
                ],
                "minute_metrics": [
                  {
                    "enabled": false,
                    "include_apis": false,
                    "retention_policy_days": 0,
                    "version": "1.0"
                  }
                ]
              }
            ],
            "resource_group_name": "duploservices-azdemo1",
            "secondary_access_key": "l8HM9/dqgSBawCIuWffhuzeCrkAPrVMs+WDD4B6giVZsxy0Kvy/IgJ6bzJXtjm97noBjhmbh1ogYWaGfh+uDTg==",
            "secondary_blob_connection_string": "",
            "secondary_blob_endpoint": null,
            "secondary_blob_host": null,
            "secondary_connection_string": "DefaultEndpointsProtocol=https;AccountName=duploazdemoacc1;AccountKey=l8HM9/dqgSBawCIuWffhuzeCrkAPrVMs+WDD4B6giVZsxy0Kvy/IgJ6bzJXtjm97noBjhmbh1ogYWaGfh+uDTg==;EndpointSuffix=core.windows.net",
            "secondary_dfs_endpoint": null,
            "secondary_dfs_host": null,
            "secondary_file_endpoint": null,
            "secondary_file_host": null,
            "secondary_location": "",
            "secondary_queue_endpoint": null,
            "secondary_queue_host": null,
            "secondary_table_endpoint": null,
            "secondary_table_host": null,
            "secondary_web_endpoint": null,
            "secondary_web_host": null,
            "static_website": [],
            "tags": {
              "duplo-project": "azdemo1",
              "finalcheck": "val1",
              "vm-spl-tag2": "tenant-val"
            },
            "timeouts": {
              "create": null,
              "delete": null,
              "read": null,
              "update": null
            },
            "tf_resource_type": "azurerm_storage_account",
            "tf_resource_var_name": "duploazdemoacc1"
          },
          "private": "eyJlMmJmYjczMC1lY2FhLTExZTYtOGY4OC0zNDM2M2JjN2M0YzAiOnsiY3JlYXRlIjozNjAwMDAwMDAwMDAwLCJkZWxldGUiOjM2MDAwMDAwMDAwMDAsInJlYWQiOjMwMDAwMDAwMDAwMCwidXBkYXRlIjozNjAwMDAwMDAwMDAwfSwic2NoZW1hX3ZlcnNpb24iOiIyIn0="
        }
      ]
    },
    {
      "mode": "managed",
      "type": "azurerm_user_assigned_identity",
      "name": "duploservices-azdemo1",
      "provider": "provider[\"registry.terraform.io/hashicorp/azurerm\"]",
      "instances": [
        {
          "schema_version": 0,
          "attributes": {
            "client_id": "530d688b-0c0a-4ab1-a61f-fb1bbc3c532a",
            "id": "/subscriptions/29474c73-cd93-48f0-80ee-9577a54e2227/resourceGroups/duploservices-azdemo1/providers/Microsoft.ManagedIdentity/userAssignedIdentities/duploservices-azdemo1",
            "location": "westus2",
            "name": "duploservices-azdemo1",
            "principal_id": "ed9d4d0b-948a-4650-b4fc-a07fc7596ab7",
            "resource_group_name": "duploservices-azdemo1",
            "tags": {
              "duplo-project": "azdemo1",
              "finalcheck": "val1",
              "vm-spl-tag2": "tenant-val"
            },
            "timeouts": {
              "create": null,
              "delete": null,
              "read": null,
              "update": null
            },
            "tf_resource_type": "azurerm_user_assigned_identity",
            "tf_resource_var_name": "duploservices-azdemo1"
          },
          "private": "eyJlMmJmYjczMC1lY2FhLTExZTYtOGY4OC0zNDM2M2JjN2M0YzAiOnsiY3JlYXRlIjoxODAwMDAwMDAwMDAwLCJkZWxldGUiOjE4MDAwMDAwMDAwMDAsInJlYWQiOjMwMDAwMDAwMDAwMCwidXBkYXRlIjoxODAwMDAwMDAwMDAwfSwic2NoZW1hX3ZlcnNpb24iOiIwIn0="
        }
      ]
    }
  ]
}